PODS:
  - TomTomSDKBindingFrameworkClientCommonInternal (0.13.0)
  - TomTomSDKBindingFrameworkHTTPInternal (0.13.0)
  - TomTomSDKBindingFrameworkLoggingInternal (0.13.0)
  - TomTomSDKBindingFrameworkMemChannelInternal (0.13.0)
  - TomTomSDKBindingFrameworkSecurityInternal (0.13.0)
  - TomTomSDKBindingMapDisplayEngineInternal (0.13.0)
  - TomTomSDKBindingMapDisplayOnboardDataProviderInternal (0.13.0):
    - TomTomSDKBindingNDSStoreAccessInternal (= 0.13.0)
  - TomTomSDKBindingNavigationClientInternal (0.13.0):
    - TomTomSDKBindingFrameworkClientCommonInternal (= 0.13.0)
    - TomTomSDKBindingFrameworkMemChannelInternal (= 0.13.0)
  - TomTomSDKBindingNavigationDrivingAssistanceClientInternal (0.13.0):
    - TomTomSDKBindingFrameworkClientCommonInternal (= 0.13.0)
    - TomTomSDKBindingFrameworkLoggingInternal (= 0.13.0)
  - TomTomSDKBindingNavigationMapMatcherPredictionInternal (0.13.0):
    - TomTomSDKBindingFrameworkClientCommonInternal (= 0.13.0)
  - TomTomSDKBindingNavigationPositioningInternal (0.13.0)
  - TomTomSDKBindingNavigationServiceInternal (0.13.0):
    - TomTomSDKBindingFrameworkLoggingInternal (= 0.13.0)
    - TomTomSDKBindingFrameworkSecurityInternal (= 0.13.0)
  - TomTomSDKBindingNavigationTextGenerationInternal (0.13.0)
  - TomTomSDKBindingNavigationTilingInternal (0.13.0)
  - TomTomSDKBindingNDSSQLiteInternal (0.13.0)
  - TomTomSDKBindingNDSStoreAccessInternal (0.13.0):
    - TomTomSDKBindingNDSSQLiteInternal (= 0.13.0)
  - TomTomSDKBindingOnboardMapUpdateInternal (0.13.0):
    - TomTomSDKBindingNDSStoreAccessInternal (= 0.13.0)
  - TomTomSDKCommon (0.13.0):
    - TomTomSDKBindingFrameworkLoggingInternal (= 0.13.0)
  - TomTomSDKCommonUI (0.13.0):
    - TomTomSDKCommon (= 0.13.0)
  - TomTomSDKDataManagement (0.13.0):
    - TomTomSDKCommon (= 0.13.0)
  - TomTomSDKDataManagementOffline (0.13.0):
    - TomTomSDKBindingNavigationTilingInternal (= 0.13.0)
    - TomTomSDKBindingNDSStoreAccessInternal (= 0.13.0)
    - TomTomSDKBindingOnboardMapUpdateInternal (= 0.13.0)
    - TomTomSDKCommon (= 0.13.0)
    - TomTomSDKDataManagement (= 0.13.0)
    - TomTomSDKNetworking (= 0.13.0)
  - TomTomSDKDefaultTextToSpeech (0.13.0):
    - TomTomSDKFeatureToggle (= 0.13.0)
    - TomTomSDKTextToSpeechEngine (= 0.13.0)
  - TomTomSDKFeatureToggle (0.13.0):
    - TomTomSDKCommon (= 0.13.0)
  - TomTomSDKLocationProvider (0.13.0):
    - TomTomSDKCommon (= 0.13.0)
  - TomTomSDKMapDisplay (0.13.0):
    - TomTomSDKBindingMapDisplayEngineInternal (= 0.13.0)
    - TomTomSDKCommon (= 0.13.0)
    - TomTomSDKFeatureToggle (= 0.13.0)
    - TomTomSDKLocationProvider (= 0.13.0)
    - TomTomSDKNetworking (= 0.13.0)
  - TomTomSDKMapDisplayDataProviderOffline (0.13.0):
    - TomTomSDKBindingMapDisplayOnboardDataProviderInternal (= 0.13.0)
    - TomTomSDKCommon (= 0.13.0)
    - TomTomSDKDataManagement (= 0.13.0)
    - TomTomSDKMapDisplay (= 0.13.0)
  - TomTomSDKNavigation (0.13.0):
    - TomTomSDKBindingFrameworkClientCommonInternal (= 0.13.0)
    - TomTomSDKBindingFrameworkHTTPInternal (= 0.13.0)
    - TomTomSDKBindingNavigationClientInternal (= 0.13.0)
    - TomTomSDKBindingNavigationDrivingAssistanceClientInternal (= 0.13.0)
    - TomTomSDKBindingNavigationMapMatcherPredictionInternal (= 0.13.0)
    - TomTomSDKBindingNavigationPositioningInternal (= 0.13.0)
    - TomTomSDKBindingNavigationServiceInternal (= 0.13.0)
    - TomTomSDKBindingNavigationTextGenerationInternal (= 0.13.0)
    - TomTomSDKCommon (= 0.13.0)
    - TomTomSDKFeatureToggle (= 0.13.0)
    - TomTomSDKLocationProvider (= 0.13.0)
    - TomTomSDKNavigationEngines (= 0.13.0)
    - TomTomSDKNetworking (= 0.13.0)
    - TomTomSDKRoute (= 0.13.0)
    - TomTomSDKRoutePlanner (= 0.13.0)
    - TomTomSDKRouteReplanner (= 0.13.0)
    - TomTomSDKRouteReplannerInternal (= 0.13.0)
    - TomTomSDKVehicle (= 0.13.0)
  - TomTomSDKNavigationEngines (0.13.0):
    - TomTomSDKCommon (= 0.13.0)
    - TomTomSDKLocationProvider (= 0.13.0)
    - TomTomSDKRoute (= 0.13.0)
    - TomTomSDKRoutePlanner (= 0.13.0)
    - TomTomSDKRouteReplanner (= 0.13.0)
  - TomTomSDKNavigationUI (0.13.0):
    - TomTomSDKCommon (= 0.13.0)
    - TomTomSDKCommonUI (= 0.13.0)
    - TomTomSDKDefaultTextToSpeech (= 0.13.0)
    - TomTomSDKLocationProvider (= 0.13.0)
    - TomTomSDKNavigation (= 0.13.0)
    - TomTomSDKNavigationEngines (= 0.13.0)
    - TomTomSDKRoute (= 0.13.0)
    - TomTomSDKRoutePlanner (= 0.13.0)
    - TomTomSDKTextToSpeech (= 0.13.0)
    - TomTomSDKTextToSpeechEngine (= 0.13.0)
  - TomTomSDKNetworking (0.13.0):
    - TomTomSDKBindingFrameworkHTTPInternal (= 0.13.0)
    - TomTomSDKCommon (= 0.13.0)
  - TomTomSDKRoute (0.13.0):
    - TomTomSDKCommon (= 0.13.0)
  - TomTomSDKRoutePlanner (0.13.0):
    - TomTomSDKCommon (= 0.13.0)
    - TomTomSDKRoute (= 0.13.0)
  - TomTomSDKRoutePlannerOnline (0.13.0):
    - TomTomSDKCommon (= 0.13.0)
    - TomTomSDKFeatureToggle (= 0.13.0)
    - TomTomSDKLocationProvider (= 0.13.0)
    - TomTomSDKRoute (= 0.13.0)
    - TomTomSDKRoutePlanner (= 0.13.0)
  - TomTomSDKRouteReplanner (0.13.0):
    - TomTomSDKCommon (= 0.13.0)
    - TomTomSDKLocationProvider (= 0.13.0)
    - TomTomSDKRoute (= 0.13.0)
    - TomTomSDKRoutePlanner (= 0.13.0)
  - TomTomSDKRouteReplannerDefault (0.13.0):
    - TomTomSDKCommon (= 0.13.0)
    - TomTomSDKRoute (= 0.13.0)
    - TomTomSDKRoutePlanner (= 0.13.0)
    - TomTomSDKRouteReplanner (= 0.13.0)
    - TomTomSDKRouteReplannerInternal (= 0.13.0)
  - TomTomSDKRouteReplannerInternal (0.13.0):
    - TomTomSDKCommon (= 0.13.0)
    - TomTomSDKRoute (= 0.13.0)
    - TomTomSDKRoutePlanner (= 0.13.0)
    - TomTomSDKRouteReplanner (= 0.13.0)
  - TomTomSDKStyleProviderOffline (0.13.0)
  - TomTomSDKTextToSpeech (0.13.0):
    - TomTomSDKTextToSpeechEngine (= 0.13.0)
  - TomTomSDKTextToSpeechEngine (0.13.0)
  - TomTomSDKVehicle (0.13.0):
    - TomTomSDKCommon (= 0.13.0)

DEPENDENCIES:
  - TomTomSDKCommon (= 0.13.0)
  - TomTomSDKCommonUI (= 0.13.0)
  - TomTomSDKDataManagementOffline (= 0.13.0)
  - TomTomSDKDefaultTextToSpeech (= 0.13.0)
  - TomTomSDKLocationProvider (= 0.13.0)
  - TomTomSDKMapDisplay (= 0.13.0)
  - TomTomSDKMapDisplayDataProviderOffline (= 0.13.0)
  - TomTomSDKNavigation (= 0.13.0)
  - TomTomSDKNavigationEngines (= 0.13.0)
  - TomTomSDKNavigationUI (= 0.13.0)
  - TomTomSDKRoute (= 0.13.0)
  - TomTomSDKRoutePlanner (= 0.13.0)
  - TomTomSDKRoutePlannerOnline (= 0.13.0)
  - TomTomSDKRouteReplannerDefault (= 0.13.0)
  - TomTomSDKStyleProviderOffline (= 0.13.0)

SPEC REPOS:
  https://repositories.tomtom.com/artifactory/api/pods/cocoapods:
    - TomTomSDKBindingFrameworkClientCommonInternal
    - TomTomSDKBindingFrameworkHTTPInternal
    - TomTomSDKBindingFrameworkLoggingInternal
    - TomTomSDKBindingFrameworkMemChannelInternal
    - TomTomSDKBindingFrameworkSecurityInternal
    - TomTomSDKBindingMapDisplayEngineInternal
    - TomTomSDKBindingMapDisplayOnboardDataProviderInternal
    - TomTomSDKBindingNavigationClientInternal
    - TomTomSDKBindingNavigationDrivingAssistanceClientInternal
    - TomTomSDKBindingNavigationMapMatcherPredictionInternal
    - TomTomSDKBindingNavigationPositioningInternal
    - TomTomSDKBindingNavigationServiceInternal
    - TomTomSDKBindingNavigationTextGenerationInternal
    - TomTomSDKBindingNavigationTilingInternal
    - TomTomSDKBindingNDSSQLiteInternal
    - TomTomSDKBindingNDSStoreAccessInternal
    - TomTomSDKBindingOnboardMapUpdateInternal
    - TomTomSDKCommon
    - TomTomSDKCommonUI
    - TomTomSDKDataManagement
    - TomTomSDKDataManagementOffline
    - TomTomSDKDefaultTextToSpeech
    - TomTomSDKFeatureToggle
    - TomTomSDKLocationProvider
    - TomTomSDKMapDisplay
    - TomTomSDKMapDisplayDataProviderOffline
    - TomTomSDKNavigation
    - TomTomSDKNavigationEngines
    - TomTomSDKNavigationUI
    - TomTomSDKNetworking
    - TomTomSDKRoute
    - TomTomSDKRoutePlanner
    - TomTomSDKRoutePlannerOnline
    - TomTomSDKRouteReplanner
    - TomTomSDKRouteReplannerDefault
    - TomTomSDKRouteReplannerInternal
    - TomTomSDKStyleProviderOffline
    - TomTomSDKTextToSpeech
    - TomTomSDKTextToSpeechEngine
    - TomTomSDKVehicle

SPEC CHECKSUMS:
  TomTomSDKBindingFrameworkClientCommonInternal: 345d9be64911329a0fc990e28ac65b2cbb744130
  TomTomSDKBindingFrameworkHTTPInternal: 81652166cb6850dab4cfa7288ecac3d98530d8ea
  TomTomSDKBindingFrameworkLoggingInternal: 4741efe3cb1a09dae4aa30bc364eb80237783d43
  TomTomSDKBindingFrameworkMemChannelInternal: 44faa90585094c071bbd0b63c3c2b96ff65ebd86
  TomTomSDKBindingFrameworkSecurityInternal: c2d0e04aa8dd12c5caf1210429c322c4a26efb99
  TomTomSDKBindingMapDisplayEngineInternal: 4adf45f13d8753e3a881fce0d7c281aa5dc2724a
  TomTomSDKBindingMapDisplayOnboardDataProviderInternal: f90d7d51c959e37e26187c9ccadad481fc5df301
  TomTomSDKBindingNavigationClientInternal: 77baae7cddba29ff979fd000d160d9821b5c2b4e
  TomTomSDKBindingNavigationDrivingAssistanceClientInternal: 0798858715a25767628bf2eb7cc17fa27a32261b
  TomTomSDKBindingNavigationMapMatcherPredictionInternal: 53281fcf5375691c1ad5e7f661be01e904177d74
  TomTomSDKBindingNavigationPositioningInternal: 81e77a4ef7ce18342aa016d3dbde768c3cc182c9
  TomTomSDKBindingNavigationServiceInternal: ac6bba5e54e545b888a2a92e573a5aa65306415a
  TomTomSDKBindingNavigationTextGenerationInternal: 900ad70df1f3766361141b177c90554f6dfd2f8e
  TomTomSDKBindingNavigationTilingInternal: c90813baaa184e463d724ed95bf493c5c68ac688
  TomTomSDKBindingNDSSQLiteInternal: e77edd19429296737bc2b62b21dc6024527b1c76
  TomTomSDKBindingNDSStoreAccessInternal: 48d40caf997f7d86b52afb1bf3fb3515ee7474d3
  TomTomSDKBindingOnboardMapUpdateInternal: ca176d571b0f85094be1c0f354fae1dcc442fa99
  TomTomSDKCommon: edb17a400315dbf3695617a6f6258d083beccbce
  TomTomSDKCommonUI: df655b86e469c1387deabd6f4da261bbd5fd05d5
  TomTomSDKDataManagement: b3ffd1174378f6d1611ffb2344c8799ed0c8fea3
  TomTomSDKDataManagementOffline: 19e6758fee855c99fac651229beb89269cd1b2d0
  TomTomSDKDefaultTextToSpeech: c8395ac3ebeffea6620f42885bfc1e2bc172c2b1
  TomTomSDKFeatureToggle: 196f3677e28ff735445481df0af0502cdc7244cc
  TomTomSDKLocationProvider: bb4f6d706e64c9373049f86061ab447da0b1ded2
  TomTomSDKMapDisplay: 6e6b8f7b4bb17ffcca501f7748b06cc28036e960
  TomTomSDKMapDisplayDataProviderOffline: d1f3bde2107c8c253e028adcc27a7cbdacc3a93c
  TomTomSDKNavigation: aad83aae510eed409c5cd167d11beff1e1eb90e1
  TomTomSDKNavigationEngines: 7e624a8e15cea87425c46e557a7055ab84150ae0
  TomTomSDKNavigationUI: c2a6f1a139f62848d326d0bb85cbd0965c5f4258
  TomTomSDKNetworking: 558da7363175939e5b6c1c3eaa8295089435bf86
  TomTomSDKRoute: 93a5c91767cd3f0a272890e488471b53373e0c2b
  TomTomSDKRoutePlanner: 627530c9439e139f5c38b26fdeefd95e3b0f684c
  TomTomSDKRoutePlannerOnline: 8052965640722e28bfd343ad205f1af1538d9673
  TomTomSDKRouteReplanner: 1394f30b424e99c54e8c31480a8c3b883554a181
  TomTomSDKRouteReplannerDefault: 13fbbccaa401177d4ed7f117e8f742b814a3dc3b
  TomTomSDKRouteReplannerInternal: 670b11624e2be8f65acb27aa73307d64bc254dc2
  TomTomSDKStyleProviderOffline: d780825b068ffb7fd75b3010246c07cc43c5ac09
  TomTomSDKTextToSpeech: 9c6f1b77e1a46bb2f23a455a8f6779037017e703
  TomTomSDKTextToSpeechEngine: 758a3ef1aa6e3ccc63a4c05d543bbfa155b5099f
  TomTomSDKVehicle: ca2b029d29ba35a1b11afa0e6941ac1aafa54334

PODFILE CHECKSUM: e61344a115e38e2edb29d381637b27e161d3e6ea

COCOAPODS: 1.11.3
