{
  "pins" : [
    {
      "identity" : "tomtom-sdk-spm-core",
      "kind" : "remoteSourceControl",
      "location" : "https://github.com/tomtom-international/tomtom-sdk-spm-core",
      "state" : {
        "revision" : "11a189b3eab8886280deae740cfbd26e209ed6d2",
        "version" : "0.69.0"
      }
    },
    {
      "identity" : "tomtom-sdk-spm-navigation",
      "kind" : "remoteSourceControl",
      "location" : "https://github.com/tomtom-international/tomtom-sdk-spm-navigation",
      "state" : {
        "revision" : "d32283779bab659b126086c68ab5e13e08f79777",
        "version" : "0.69.0"
      }
    }
  ],
  "version" : 2
}
