{
  "pins" : [
    {
      "identity" : "tomtom-sdk-spm-core",
      "kind" : "remoteSourceControl",
      "location" : "https://github.com/tomtom-international/tomtom-sdk-spm-core",
      "state" : {
        "revision" : "f4614b54428c8f3aaec864c89da336f739dd09ae",
        "version" : "0.37.0"
      }
    },
    {
      "identity" : "tomtom-sdk-spm-navigation",
      "kind" : "remoteSourceControl",
      "location" : "https://github.com/tomtom-international/tomtom-sdk-spm-navigation",
      "state" : {
        "revision" : "53c31bac7221fe67c06d998955683a5189fa8bb4",
        "version" : "0.37.0"
      }
    }
  ],
  "version" : 2
}
