{
  "pins" : [
    {
      "identity" : "tomtom-sdk-spm-core",
      "kind" : "remoteSourceControl",
      "location" : "https://github.com/tomtom-international/tomtom-sdk-spm-core",
      "state" : {
        "revision" : "603c41b3d8b078108fb61cbc0a0acfc3161d1fec",
        "version" : "0.42.1"
      }
    },
    {
      "identity" : "tomtom-sdk-spm-navigation",
      "kind" : "remoteSourceControl",
      "location" : "https://github.com/tomtom-international/tomtom-sdk-spm-navigation",
      "state" : {
        "revision" : "8d335c489ee10b71f55a764a7e99a405f990777b",
        "version" : "0.42.1"
      }
    }
  ],
  "version" : 2
}
