// !$*UTF8*$!
{
	archiveVersion = 1;
	classes = {
	};
	objectVersion = 56;
	objects = {

/* Begin PBXBuildFile section */
		351BCD631BB328C869AA5591 /* Pods_TomTomSDKExamples.framework in Frameworks */ = {isa = PBXBuildFile; fileRef = 182816C2A2C71B776131AB66 /* Pods_TomTomSDKExamples.framework */; };
		9D07FD2C29FABFB6008577CD /* BasicNavigationView.swift in Sources */ = {isa = PBXBuildFile; fileRef = 9D07FD2A29FABFB6008577CD /* BasicNavigationView.swift */; };
		9D07FD2D29FABFB6008577CD /* BasicNavigationContent.swift in Sources */ = {isa = PBXBuildFile; fileRef = 9D07FD2B29FABFB6008577CD /* BasicNavigationContent.swift */; };
		9D2F394D29A379FC0093F702 /* TomTom_SDK_ExamplesApp.swift in Sources */ = {isa = PBXBuildFile; fileRef = 9D2F394C29A379FC0093F702 /* TomTom_SDK_ExamplesApp.swift */; };
		9D2F395129A379FE0093F702 /* Assets.xcassets in Resources */ = {isa = PBXBuildFile; fileRef = 9D2F395029A379FE0093F702 /* Assets.xcassets */; };
		9D2F395429A379FE0093F702 /* Preview Assets.xcassets in Resources */ = {isa = PBXBuildFile; fileRef = 9D2F395329A379FE0093F702 /* Preview Assets.xcassets */; };
		9D2F396B29A388170093F702 /* MainMenu.swift in Sources */ = {isa = PBXBuildFile; fileRef = 9D2F396A29A388170093F702 /* MainMenu.swift */; };
		9D2F397429A389010093F702 /* MapExamplesView.swift in Sources */ = {isa = PBXBuildFile; fileRef = 9D2F397329A389010093F702 /* MapExamplesView.swift */; };
		9D2F397629A389110093F702 /* NavigationExamplesView.swift in Sources */ = {isa = PBXBuildFile; fileRef = 9D2F397529A389110093F702 /* NavigationExamplesView.swift */; };
		9D2F397A29A3892D0093F702 /* RoutingExamplesView.swift in Sources */ = {isa = PBXBuildFile; fileRef = 9D2F397929A3892D0093F702 /* RoutingExamplesView.swift */; };
		9D2F397C29A389390093F702 /* SearchExamplesView.swift in Sources */ = {isa = PBXBuildFile; fileRef = 9D2F397B29A389390093F702 /* SearchExamplesView.swift */; };
		9D2F398029A3896D0093F702 /* README.md in Resources */ = {isa = PBXBuildFile; fileRef = 9D2F397F29A3896D0093F702 /* README.md */; };
		9D2F398329A38B1A0093F702 /* Localizable.strings in Resources */ = {isa = PBXBuildFile; fileRef = 9D2F398229A38B1A0093F702 /* Localizable.strings */; };
		9D2F398729A3C58F0093F702 /* Colors.xcassets in Resources */ = {isa = PBXBuildFile; fileRef = 9D2F398629A3C58F0093F702 /* Colors.xcassets */; };
		9D2F398A29A3C6830093F702 /* Resource.swift in Sources */ = {isa = PBXBuildFile; fileRef = 9D2F398929A3C6830093F702 /* Resource.swift */; };
		9D35026529DEE2D6001D106E /* OfflineNavigationView.swift in Sources */ = {isa = PBXBuildFile; fileRef = 9D35026429DEE2D6001D106E /* OfflineNavigationView.swift */; };
		9D35026729DEE315001D106E /* OfflineNavigationContent.swift in Sources */ = {isa = PBXBuildFile; fileRef = 9D35026629DEE315001D106E /* OfflineNavigationContent.swift */; };
		9D35026A29DEE47C001D106E /* HybridNavigationView.swift in Sources */ = {isa = PBXBuildFile; fileRef = 9D35026929DEE47C001D106E /* HybridNavigationView.swift */; };
		9D6B2FD629A76E72008CB4A6 /* Keys.swift in Sources */ = {isa = PBXBuildFile; fileRef = 9D6B2FD529A76E72008CB4A6 /* Keys.swift */; };
		9D6B2FD829A76EE7008CB4A6 /* TomTomServices.swift in Sources */ = {isa = PBXBuildFile; fileRef = 9D6B2FD729A76EE7008CB4A6 /* TomTomServices.swift */; };
		9DB8B45F29E55B6A00E07909 /* OfflineMapHelper.swift in Sources */ = {isa = PBXBuildFile; fileRef = 9DB8B45E29E55B6A00E07909 /* OfflineMapHelper.swift */; };
		9DB8B46129E55B9100E07909 /* OfflineConfig.swift in Sources */ = {isa = PBXBuildFile; fileRef = 9DB8B46029E55B9100E07909 /* OfflineConfig.swift */; };
		9DB8B46529E5731900E07909 /* GPX-Amsterdam.gpx in Resources */ = {isa = PBXBuildFile; fileRef = 9DB8B46429E5731900E07909 /* GPX-Amsterdam.gpx */; };
		9DC6205F29A5179000598A05 /* BackButton.swift in Sources */ = {isa = PBXBuildFile; fileRef = 9DC6205E29A5179000598A05 /* BackButton.swift */; };
		9DE7410B29DEB18300D57C2B /* BasicNavigationMenu.swift in Sources */ = {isa = PBXBuildFile; fileRef = 9DE7410A29DEB18300D57C2B /* BasicNavigationMenu.swift */; };
/* End PBXBuildFile section */

/* Begin PBXFileReference section */
		125B245475B51A4AEA021E70 /* Pods-TomTom SDK Examples.debug.xcconfig */ = {isa = PBXFileReference; includeInIndex = 1; lastKnownFileType = text.xcconfig; name = "Pods-TomTom SDK Examples.debug.xcconfig"; path = "Target Support Files/Pods-TomTom SDK Examples/Pods-TomTom SDK Examples.debug.xcconfig"; sourceTree = "<group>"; };
		182816C2A2C71B776131AB66 /* Pods_TomTomSDKExamples.framework */ = {isa = PBXFileReference; explicitFileType = wrapper.framework; includeInIndex = 0; path = Pods_TomTomSDKExamples.framework; sourceTree = BUILT_PRODUCTS_DIR; };
		530B2700A4400EB33E5DE5BB /* Pods-TomTomSDKExamples.release.xcconfig */ = {isa = PBXFileReference; includeInIndex = 1; lastKnownFileType = text.xcconfig; name = "Pods-TomTomSDKExamples.release.xcconfig"; path = "Target Support Files/Pods-TomTomSDKExamples/Pods-TomTomSDKExamples.release.xcconfig"; sourceTree = "<group>"; };
		846EECDB2245D789CD447F12 /* Pods-TomTom SDK Examples.release.xcconfig */ = {isa = PBXFileReference; includeInIndex = 1; lastKnownFileType = text.xcconfig; name = "Pods-TomTom SDK Examples.release.xcconfig"; path = "Target Support Files/Pods-TomTom SDK Examples/Pods-TomTom SDK Examples.release.xcconfig"; sourceTree = "<group>"; };
		9AB4C03BCE89E080FDCF7166 /* Pods-TomTomSDKExamples.debug.xcconfig */ = {isa = PBXFileReference; includeInIndex = 1; lastKnownFileType = text.xcconfig; name = "Pods-TomTomSDKExamples.debug.xcconfig"; path = "Target Support Files/Pods-TomTomSDKExamples/Pods-TomTomSDKExamples.debug.xcconfig"; sourceTree = "<group>"; };
		9D07FD2A29FABFB6008577CD /* BasicNavigationView.swift */ = {isa = PBXFileReference; fileEncoding = 4; lastKnownFileType = sourcecode.swift; path = BasicNavigationView.swift; sourceTree = "<group>"; };
		9D07FD2B29FABFB6008577CD /* BasicNavigationContent.swift */ = {isa = PBXFileReference; fileEncoding = 4; lastKnownFileType = sourcecode.swift; path = BasicNavigationContent.swift; sourceTree = "<group>"; };
		9D2A34DE29CDA54F00BF8884 /* TomTomSDKExamplesInfo.plist */ = {isa = PBXFileReference; lastKnownFileType = text.plist.xml; path = TomTomSDKExamplesInfo.plist; sourceTree = SOURCE_ROOT; };
		9D2F394929A379FC0093F702 /* TomTomSDKExamples.app */ = {isa = PBXFileReference; explicitFileType = wrapper.application; includeInIndex = 0; path = TomTomSDKExamples.app; sourceTree = BUILT_PRODUCTS_DIR; };
		9D2F394C29A379FC0093F702 /* TomTom_SDK_ExamplesApp.swift */ = {isa = PBXFileReference; lastKnownFileType = sourcecode.swift; path = TomTom_SDK_ExamplesApp.swift; sourceTree = "<group>"; };
		9D2F395029A379FE0093F702 /* Assets.xcassets */ = {isa = PBXFileReference; lastKnownFileType = folder.assetcatalog; path = Assets.xcassets; sourceTree = "<group>"; };
		9D2F395329A379FE0093F702 /* Preview Assets.xcassets */ = {isa = PBXFileReference; lastKnownFileType = folder.assetcatalog; path = "Preview Assets.xcassets"; sourceTree = "<group>"; };
		9D2F396A29A388170093F702 /* MainMenu.swift */ = {isa = PBXFileReference; lastKnownFileType = sourcecode.swift; path = MainMenu.swift; sourceTree = "<group>"; };
		9D2F397329A389010093F702 /* MapExamplesView.swift */ = {isa = PBXFileReference; lastKnownFileType = sourcecode.swift; path = MapExamplesView.swift; sourceTree = "<group>"; };
		9D2F397529A389110093F702 /* NavigationExamplesView.swift */ = {isa = PBXFileReference; lastKnownFileType = sourcecode.swift; path = NavigationExamplesView.swift; sourceTree = "<group>"; };
		9D2F397929A3892D0093F702 /* RoutingExamplesView.swift */ = {isa = PBXFileReference; lastKnownFileType = sourcecode.swift; path = RoutingExamplesView.swift; sourceTree = "<group>"; };
		9D2F397B29A389390093F702 /* SearchExamplesView.swift */ = {isa = PBXFileReference; lastKnownFileType = sourcecode.swift; path = SearchExamplesView.swift; sourceTree = "<group>"; };
		9D2F397F29A3896D0093F702 /* README.md */ = {isa = PBXFileReference; fileEncoding = 4; lastKnownFileType = net.daringfireball.markdown; path = README.md; sourceTree = "<group>"; };
		9D2F398229A38B1A0093F702 /* Localizable.strings */ = {isa = PBXFileReference; lastKnownFileType = text.plist.strings; path = Localizable.strings; sourceTree = "<group>"; };
		9D2F398629A3C58F0093F702 /* Colors.xcassets */ = {isa = PBXFileReference; lastKnownFileType = folder.assetcatalog; path = Colors.xcassets; sourceTree = "<group>"; };
		9D2F398929A3C6830093F702 /* Resource.swift */ = {isa = PBXFileReference; lastKnownFileType = sourcecode.swift; path = Resource.swift; sourceTree = "<group>"; };
		9D35026429DEE2D6001D106E /* OfflineNavigationView.swift */ = {isa = PBXFileReference; lastKnownFileType = sourcecode.swift; path = OfflineNavigationView.swift; sourceTree = "<group>"; };
		9D35026629DEE315001D106E /* OfflineNavigationContent.swift */ = {isa = PBXFileReference; lastKnownFileType = sourcecode.swift; path = OfflineNavigationContent.swift; sourceTree = "<group>"; };
		9D35026929DEE47C001D106E /* HybridNavigationView.swift */ = {isa = PBXFileReference; lastKnownFileType = sourcecode.swift; path = HybridNavigationView.swift; sourceTree = "<group>"; };
		9D6B2FD529A76E72008CB4A6 /* Keys.swift */ = {isa = PBXFileReference; lastKnownFileType = sourcecode.swift; path = Keys.swift; sourceTree = "<group>"; };
		9D6B2FD729A76EE7008CB4A6 /* TomTomServices.swift */ = {isa = PBXFileReference; lastKnownFileType = sourcecode.swift; path = TomTomServices.swift; sourceTree = "<group>"; };
		9DB8B45E29E55B6A00E07909 /* OfflineMapHelper.swift */ = {isa = PBXFileReference; lastKnownFileType = sourcecode.swift; path = OfflineMapHelper.swift; sourceTree = "<group>"; };
		9DB8B46029E55B9100E07909 /* OfflineConfig.swift */ = {isa = PBXFileReference; lastKnownFileType = sourcecode.swift; path = OfflineConfig.swift; sourceTree = "<group>"; };
		9DB8B46429E5731900E07909 /* GPX-Amsterdam.gpx */ = {isa = PBXFileReference; fileEncoding = 4; lastKnownFileType = text.xml; path = "GPX-Amsterdam.gpx"; sourceTree = "<group>"; };
		9DC6205E29A5179000598A05 /* BackButton.swift */ = {isa = PBXFileReference; lastKnownFileType = sourcecode.swift; path = BackButton.swift; sourceTree = "<group>"; };
		9DE7410A29DEB18300D57C2B /* BasicNavigationMenu.swift */ = {isa = PBXFileReference; lastKnownFileType = sourcecode.swift; path = BasicNavigationMenu.swift; sourceTree = "<group>"; };
/* End PBXFileReference section */

/* Begin PBXFrameworksBuildPhase section */
		9D2F394629A379FC0093F702 /* Frameworks */ = {
			isa = PBXFrameworksBuildPhase;
			buildActionMask = 2147483647;
			files = (
				351BCD631BB328C869AA5591 /* Pods_TomTomSDKExamples.framework in Frameworks */,
			);
			runOnlyForDeploymentPostprocessing = 0;
		};
/* End PBXFrameworksBuildPhase section */

/* Begin PBXGroup section */
		5D3F7FDDB19FBE13004B1041 /* Pods */ = {
			isa = PBXGroup;
			children = (
				125B245475B51A4AEA021E70 /* Pods-TomTom SDK Examples.debug.xcconfig */,
				846EECDB2245D789CD447F12 /* Pods-TomTom SDK Examples.release.xcconfig */,
				9AB4C03BCE89E080FDCF7166 /* Pods-TomTomSDKExamples.debug.xcconfig */,
				530B2700A4400EB33E5DE5BB /* Pods-TomTomSDKExamples.release.xcconfig */,
			);
			path = Pods;
			sourceTree = "<group>";
		};
		8C16E916058AB376AE1D4195 /* Frameworks */ = {
			isa = PBXGroup;
			children = (
				182816C2A2C71B776131AB66 /* Pods_TomTomSDKExamples.framework */,
			);
			name = Frameworks;
			sourceTree = "<group>";
		};
		9D2F394029A379FC0093F702 = {
			isa = PBXGroup;
			children = (
				9D2F394B29A379FC0093F702 /* TomTomSDKExamples */,
				9D2F394A29A379FC0093F702 /* Products */,
				5D3F7FDDB19FBE13004B1041 /* Pods */,
				8C16E916058AB376AE1D4195 /* Frameworks */,
			);
			sourceTree = "<group>";
		};
		9D2F394A29A379FC0093F702 /* Products */ = {
			isa = PBXGroup;
			children = (
				9D2F394929A379FC0093F702 /* TomTomSDKExamples.app */,
			);
			name = Products;
			sourceTree = "<group>";
		};
		9D2F394B29A379FC0093F702 /* TomTomSDKExamples */ = {
			isa = PBXGroup;
			children = (
				9D2A34DE29CDA54F00BF8884 /* TomTomSDKExamplesInfo.plist */,
				9D2F395229A379FE0093F702 /* Preview Content */,
				9D2F398129A38A120093F702 /* Resources */,
				9D2F398829A3C66F0093F702 /* Utils */,
				9D2F396C29A3885E0093F702 /* Examples */,
				9D2F394C29A379FC0093F702 /* TomTom_SDK_ExamplesApp.swift */,
			);
			path = TomTomSDKExamples;
			sourceTree = "<group>";
		};
		9D2F395229A379FE0093F702 /* Preview Content */ = {
			isa = PBXGroup;
			children = (
				9D2F395329A379FE0093F702 /* Preview Assets.xcassets */,
			);
			path = "Preview Content";
			sourceTree = "<group>";
		};
		9D2F396C29A3885E0093F702 /* Examples */ = {
			isa = PBXGroup;
			children = (
				9D2F396A29A388170093F702 /* MainMenu.swift */,
				9D2F396D29A388660093F702 /* Maps */,
				9D2F396E29A3886F0093F702 /* Navigation */,
				9D2F397129A388850093F702 /* Routing */,
				9D2F397029A3887E0093F702 /* Search */,
				9D2F396F29A388780093F702 /* UseCase */,
			);
			path = Examples;
			sourceTree = "<group>";
		};
		9D2F396D29A388660093F702 /* Maps */ = {
			isa = PBXGroup;
			children = (
				9D2F397329A389010093F702 /* MapExamplesView.swift */,
			);
			path = Maps;
			sourceTree = "<group>";
		};
		9D2F396E29A3886F0093F702 /* Navigation */ = {
			isa = PBXGroup;
			children = (
				9D2F397529A389110093F702 /* NavigationExamplesView.swift */,
			);
			path = Navigation;
			sourceTree = "<group>";
		};
		9D2F396F29A388780093F702 /* UseCase */ = {
			isa = PBXGroup;
			children = (
				9D2F397F29A3896D0093F702 /* README.md */,
				9DE7410A29DEB18300D57C2B /* BasicNavigationMenu.swift */,
				9D35026229DEE1BB001D106E /* Online */,
				9D35026829DEE467001D106E /* Hybrid */,
				9D35026329DEE1C4001D106E /* Offline */,
			);
			path = UseCase;
			sourceTree = "<group>";
		};
		9D2F397029A3887E0093F702 /* Search */ = {
			isa = PBXGroup;
			children = (
				9D2F397B29A389390093F702 /* SearchExamplesView.swift */,
			);
			path = Search;
			sourceTree = "<group>";
		};
		9D2F397129A388850093F702 /* Routing */ = {
			isa = PBXGroup;
			children = (
				9D2F397929A3892D0093F702 /* RoutingExamplesView.swift */,
			);
			path = Routing;
			sourceTree = "<group>";
		};
		9D2F398129A38A120093F702 /* Resources */ = {
			isa = PBXGroup;
			children = (
				9DB8B46429E5731900E07909 /* GPX-Amsterdam.gpx */,
				9D2F395029A379FE0093F702 /* Assets.xcassets */,
				9D2F398629A3C58F0093F702 /* Colors.xcassets */,
				9D2F398229A38B1A0093F702 /* Localizable.strings */,
			);
			path = Resources;
			sourceTree = "<group>";
		};
		9D2F398829A3C66F0093F702 /* Utils */ = {
			isa = PBXGroup;
			children = (
				9D2F398929A3C6830093F702 /* Resource.swift */,
				9D6B2FD529A76E72008CB4A6 /* Keys.swift */,
				9D6B2FD729A76EE7008CB4A6 /* TomTomServices.swift */,
				9DC6205D29A516E700598A05 /* UI Components */,
			);
			path = Utils;
			sourceTree = "<group>";
		};
		9D35026229DEE1BB001D106E /* Online */ = {
			isa = PBXGroup;
			children = (
				9D07FD2A29FABFB6008577CD /* BasicNavigationView.swift */,
				9D07FD2B29FABFB6008577CD /* BasicNavigationContent.swift */,
			);
			path = Online;
			sourceTree = "<group>";
		};
		9D35026329DEE1C4001D106E /* Offline */ = {
			isa = PBXGroup;
			children = (
				9D96950A29E6A54500B8CB5E /* Utils */,
				9D35026429DEE2D6001D106E /* OfflineNavigationView.swift */,
				9D35026629DEE315001D106E /* OfflineNavigationContent.swift */,
			);
			path = Offline;
			sourceTree = "<group>";
		};
		9D35026829DEE467001D106E /* Hybrid */ = {
			isa = PBXGroup;
			children = (
				9D35026929DEE47C001D106E /* HybridNavigationView.swift */,
			);
			path = Hybrid;
			sourceTree = "<group>";
		};
		9D96950A29E6A54500B8CB5E /* Utils */ = {
			isa = PBXGroup;
			children = (
				9DB8B46029E55B9100E07909 /* OfflineConfig.swift */,
				9DB8B45E29E55B6A00E07909 /* OfflineMapHelper.swift */,
			);
			path = Utils;
			sourceTree = "<group>";
		};
		9DC6205D29A516E700598A05 /* UI Components */ = {
			isa = PBXGroup;
			children = (
				9DC6205E29A5179000598A05 /* BackButton.swift */,
			);
			path = "UI Components";
			sourceTree = "<group>";
		};
/* End PBXGroup section */

/* Begin PBXNativeTarget section */
		9D2F394829A379FC0093F702 /* TomTomSDKExamples */ = {
			isa = PBXNativeTarget;
			buildConfigurationList = 9D2F395729A379FE0093F702 /* Build configuration list for PBXNativeTarget "TomTomSDKExamples" */;
			buildPhases = (
				324F62AE070EB1467BDD5416 /* [CP] Check Pods Manifest.lock */,
				9D2F394529A379FC0093F702 /* Sources */,
				9D2F394629A379FC0093F702 /* Frameworks */,
				9D2F394729A379FC0093F702 /* Resources */,
				DD26CADAE8391C92CA2E8461 /* [CP] Embed Pods Frameworks */,
			);
			buildRules = (
			);
			dependencies = (
			);
			name = TomTomSDKExamples;
			productName = "TomTom SDK Examples";
			productReference = 9D2F394929A379FC0093F702 /* TomTomSDKExamples.app */;
			productType = "com.apple.product-type.application";
		};
/* End PBXNativeTarget section */

/* Begin PBXProject section */
		9D2F394129A379FC0093F702 /* Project object */ = {
			isa = PBXProject;
			attributes = {
				BuildIndependentTargetsInParallel = 1;
				LastSwiftUpdateCheck = 1410;
				LastUpgradeCheck = 1410;
				TargetAttributes = {
					9D2F394829A379FC0093F702 = {
						CreatedOnToolsVersion = 14.1;
					};
				};
			};
			buildConfigurationList = 9D2F394429A379FC0093F702 /* Build configuration list for PBXProject "TomTomSDKExamples" */;
			compatibilityVersion = "Xcode 14.0";
			developmentRegion = en;
			hasScannedForEncodings = 0;
			knownRegions = (
				en,
				Base,
			);
			mainGroup = 9D2F394029A379FC0093F702;
			productRefGroup = 9D2F394A29A379FC0093F702 /* Products */;
			projectDirPath = "";
			projectRoot = "";
			targets = (
				9D2F394829A379FC0093F702 /* TomTomSDKExamples */,
			);
		};
/* End PBXProject section */

/* Begin PBXResourcesBuildPhase section */
		9D2F394729A379FC0093F702 /* Resources */ = {
			isa = PBXResourcesBuildPhase;
			buildActionMask = 2147483647;
			files = (
				9D2F398729A3C58F0093F702 /* Colors.xcassets in Resources */,
				9D2F398029A3896D0093F702 /* README.md in Resources */,
				9D2F398329A38B1A0093F702 /* Localizable.strings in Resources */,
				9DB8B46529E5731900E07909 /* GPX-Amsterdam.gpx in Resources */,
				9D2F395429A379FE0093F702 /* Preview Assets.xcassets in Resources */,
				9D2F395129A379FE0093F702 /* Assets.xcassets in Resources */,
			);
			runOnlyForDeploymentPostprocessing = 0;
		};
/* End PBXResourcesBuildPhase section */

/* Begin PBXShellScriptBuildPhase section */
		324F62AE070EB1467BDD5416 /* [CP] Check Pods Manifest.lock */ = {
			isa = PBXShellScriptBuildPhase;
			buildActionMask = 2147483647;
			files = (
			);
			inputFileListPaths = (
			);
			inputPaths = (
				"${PODS_PODFILE_DIR_PATH}/Podfile.lock",
				"${PODS_ROOT}/Manifest.lock",
			);
			name = "[CP] Check Pods Manifest.lock";
			outputFileListPaths = (
			);
			outputPaths = (
				"$(DERIVED_FILE_DIR)/Pods-TomTomSDKExamples-checkManifestLockResult.txt",
			);
			runOnlyForDeploymentPostprocessing = 0;
			shellPath = /bin/sh;
			shellScript = "diff \"${PODS_PODFILE_DIR_PATH}/Podfile.lock\" \"${PODS_ROOT}/Manifest.lock\" > /dev/null\nif [ $? != 0 ] ; then\n    # print error to STDERR\n    echo \"error: The sandbox is not in sync with the Podfile.lock. Run 'pod install' or update your CocoaPods installation.\" >&2\n    exit 1\nfi\n# This output is used by Xcode 'outputs' to avoid re-running this script phase.\necho \"SUCCESS\" > \"${SCRIPT_OUTPUT_FILE_0}\"\n";
			showEnvVarsInLog = 0;
		};
		DD26CADAE8391C92CA2E8461 /* [CP] Embed Pods Frameworks */ = {
			isa = PBXShellScriptBuildPhase;
			buildActionMask = 2147483647;
			files = (
			);
			inputFileListPaths = (
				"${PODS_ROOT}/Target Support Files/Pods-TomTomSDKExamples/Pods-TomTomSDKExamples-frameworks-${CONFIGURATION}-input-files.xcfilelist",
			);
			name = "[CP] Embed Pods Frameworks";
			outputFileListPaths = (
				"${PODS_ROOT}/Target Support Files/Pods-TomTomSDKExamples/Pods-TomTomSDKExamples-frameworks-${CONFIGURATION}-output-files.xcfilelist",
			);
			runOnlyForDeploymentPostprocessing = 0;
			shellPath = /bin/sh;
			shellScript = "\"${PODS_ROOT}/Target Support Files/Pods-TomTomSDKExamples/Pods-TomTomSDKExamples-frameworks.sh\"\n";
			showEnvVarsInLog = 0;
		};
/* End PBXShellScriptBuildPhase section */

/* Begin PBXSourcesBuildPhase section */
		9D2F394529A379FC0093F702 /* Sources */ = {
			isa = PBXSourcesBuildPhase;
			buildActionMask = 2147483647;
			files = (
				9D2F398A29A3C6830093F702 /* Resource.swift in Sources */,
				9D2F397429A389010093F702 /* MapExamplesView.swift in Sources */,
				9DB8B45F29E55B6A00E07909 /* OfflineMapHelper.swift in Sources */,
				9D35026A29DEE47C001D106E /* HybridNavigationView.swift in Sources */,
				9D35026729DEE315001D106E /* OfflineNavigationContent.swift in Sources */,
				9DB8B46129E55B9100E07909 /* OfflineConfig.swift in Sources */,
				9DE7410B29DEB18300D57C2B /* BasicNavigationMenu.swift in Sources */,
				9D6B2FD629A76E72008CB4A6 /* Keys.swift in Sources */,
				9D2F397C29A389390093F702 /* SearchExamplesView.swift in Sources */,
				9D07FD2C29FABFB6008577CD /* BasicNavigationView.swift in Sources */,
				9D07FD2D29FABFB6008577CD /* BasicNavigationContent.swift in Sources */,
				9D2F397629A389110093F702 /* NavigationExamplesView.swift in Sources */,
				9DC6205F29A5179000598A05 /* BackButton.swift in Sources */,
				9D2F396B29A388170093F702 /* MainMenu.swift in Sources */,
				9D35026529DEE2D6001D106E /* OfflineNavigationView.swift in Sources */,
				9D2F397A29A3892D0093F702 /* RoutingExamplesView.swift in Sources */,
				9D2F394D29A379FC0093F702 /* TomTom_SDK_ExamplesApp.swift in Sources */,
				9D6B2FD829A76EE7008CB4A6 /* TomTomServices.swift in Sources */,
			);
			runOnlyForDeploymentPostprocessing = 0;
		};
/* End PBXSourcesBuildPhase section */

/* Begin XCBuildConfiguration section */
		9D2F395529A379FE0093F702 /* Debug */ = {
			isa = XCBuildConfiguration;
			buildSettings = {
				ALWAYS_SEARCH_USER_PATHS = NO;
				CLANG_ANALYZER_NONNULL = YES;
				CLANG_ANALYZER_NUMBER_OBJECT_CONVERSION = YES_AGGRESSIVE;
				CLANG_CXX_LANGUAGE_STANDARD = "gnu++20";
				CLANG_ENABLE_MODULES = YES;
				CLANG_ENABLE_OBJC_ARC = YES;
				CLANG_ENABLE_OBJC_WEAK = YES;
				CLANG_WARN_BLOCK_CAPTURE_AUTORELEASING = YES;
				CLANG_WARN_BOOL_CONVERSION = YES;
				CLANG_WARN_COMMA = YES;
				CLANG_WARN_CONSTANT_CONVERSION = YES;
				CLANG_WARN_DEPRECATED_OBJC_IMPLEMENTATIONS = YES;
				CLANG_WARN_DIRECT_OBJC_ISA_USAGE = YES_ERROR;
				CLANG_WARN_DOCUMENTATION_COMMENTS = YES;
				CLANG_WARN_EMPTY_BODY = YES;
				CLANG_WARN_ENUM_CONVERSION = YES;
				CLANG_WARN_INFINITE_RECURSION = YES;
				CLANG_WARN_INT_CONVERSION = YES;
				CLANG_WARN_NON_LITERAL_NULL_CONVERSION = YES;
				CLANG_WARN_OBJC_IMPLICIT_RETAIN_SELF = YES;
				CLANG_WARN_OBJC_LITERAL_CONVERSION = YES;
				CLANG_WARN_OBJC_ROOT_CLASS = YES_ERROR;
				CLANG_WARN_QUOTED_INCLUDE_IN_FRAMEWORK_HEADER = YES;
				CLANG_WARN_RANGE_LOOP_ANALYSIS = YES;
				CLANG_WARN_STRICT_PROTOTYPES = YES;
				CLANG_WARN_SUSPICIOUS_MOVE = YES;
				CLANG_WARN_UNGUARDED_AVAILABILITY = YES_AGGRESSIVE;
				CLANG_WARN_UNREACHABLE_CODE = YES;
				CLANG_WARN__DUPLICATE_METHOD_MATCH = YES;
				COPY_PHASE_STRIP = NO;
				DEBUG_INFORMATION_FORMAT = dwarf;
				ENABLE_STRICT_OBJC_MSGSEND = YES;
				ENABLE_TESTABILITY = YES;
				GCC_C_LANGUAGE_STANDARD = gnu11;
				GCC_DYNAMIC_NO_PIC = NO;
				GCC_NO_COMMON_BLOCKS = YES;
				GCC_OPTIMIZATION_LEVEL = 0;
				GCC_PREPROCESSOR_DEFINITIONS = (
					"DEBUG=1",
					"$(inherited)",
				);
				GCC_WARN_64_TO_32_BIT_CONVERSION = YES;
				GCC_WARN_ABOUT_RETURN_TYPE = YES_ERROR;
				GCC_WARN_UNDECLARED_SELECTOR = YES;
				GCC_WARN_UNINITIALIZED_AUTOS = YES_AGGRESSIVE;
				GCC_WARN_UNUSED_FUNCTION = YES;
				GCC_WARN_UNUSED_VARIABLE = YES;
				IPHONEOS_DEPLOYMENT_TARGET = 16.1;
				MTL_ENABLE_DEBUG_INFO = INCLUDE_SOURCE;
				MTL_FAST_MATH = YES;
				ONLY_ACTIVE_ARCH = YES;
				SDKROOT = iphoneos;
				SWIFT_ACTIVE_COMPILATION_CONDITIONS = DEBUG;
				SWIFT_OPTIMIZATION_LEVEL = "-Onone";
			};
			name = Debug;
		};
		9D2F395629A379FE0093F702 /* Release */ = {
			isa = XCBuildConfiguration;
			buildSettings = {
				ALWAYS_SEARCH_USER_PATHS = NO;
				CLANG_ANALYZER_NONNULL = YES;
				CLANG_ANALYZER_NUMBER_OBJECT_CONVERSION = YES_AGGRESSIVE;
				CLANG_CXX_LANGUAGE_STANDARD = "gnu++20";
				CLANG_ENABLE_MODULES = YES;
				CLANG_ENABLE_OBJC_ARC = YES;
				CLANG_ENABLE_OBJC_WEAK = YES;
				CLANG_WARN_BLOCK_CAPTURE_AUTORELEASING = YES;
				CLANG_WARN_BOOL_CONVERSION = YES;
				CLANG_WARN_COMMA = YES;
				CLANG_WARN_CONSTANT_CONVERSION = YES;
				CLANG_WARN_DEPRECATED_OBJC_IMPLEMENTATIONS = YES;
				CLANG_WARN_DIRECT_OBJC_ISA_USAGE = YES_ERROR;
				CLANG_WARN_DOCUMENTATION_COMMENTS = YES;
				CLANG_WARN_EMPTY_BODY = YES;
				CLANG_WARN_ENUM_CONVERSION = YES;
				CLANG_WARN_INFINITE_RECURSION = YES;
				CLANG_WARN_INT_CONVERSION = YES;
				CLANG_WARN_NON_LITERAL_NULL_CONVERSION = YES;
				CLANG_WARN_OBJC_IMPLICIT_RETAIN_SELF = YES;
				CLANG_WARN_OBJC_LITERAL_CONVERSION = YES;
				CLANG_WARN_OBJC_ROOT_CLASS = YES_ERROR;
				CLANG_WARN_QUOTED_INCLUDE_IN_FRAMEWORK_HEADER = YES;
				CLANG_WARN_RANGE_LOOP_ANALYSIS = YES;
				CLANG_WARN_STRICT_PROTOTYPES = YES;
				CLANG_WARN_SUSPICIOUS_MOVE = YES;
				CLANG_WARN_UNGUARDED_AVAILABILITY = YES_AGGRESSIVE;
				CLANG_WARN_UNREACHABLE_CODE = YES;
				CLANG_WARN__DUPLICATE_METHOD_MATCH = YES;
				COPY_PHASE_STRIP = NO;
				DEBUG_INFORMATION_FORMAT = "dwarf-with-dsym";
				ENABLE_NS_ASSERTIONS = NO;
				ENABLE_STRICT_OBJC_MSGSEND = YES;
				GCC_C_LANGUAGE_STANDARD = gnu11;
				GCC_NO_COMMON_BLOCKS = YES;
				GCC_WARN_64_TO_32_BIT_CONVERSION = YES;
				GCC_WARN_ABOUT_RETURN_TYPE = YES_ERROR;
				GCC_WARN_UNDECLARED_SELECTOR = YES;
				GCC_WARN_UNINITIALIZED_AUTOS = YES_AGGRESSIVE;
				GCC_WARN_UNUSED_FUNCTION = YES;
				GCC_WARN_UNUSED_VARIABLE = YES;
				IPHONEOS_DEPLOYMENT_TARGET = 16.1;
				MTL_ENABLE_DEBUG_INFO = NO;
				MTL_FAST_MATH = YES;
				SDKROOT = iphoneos;
				SWIFT_COMPILATION_MODE = wholemodule;
				SWIFT_OPTIMIZATION_LEVEL = "-O";
				VALIDATE_PRODUCT = YES;
			};
			name = Release;
		};
		9D2F395829A379FE0093F702 /* Debug */ = {
			isa = XCBuildConfiguration;
			baseConfigurationReference = 9AB4C03BCE89E080FDCF7166 /* Pods-TomTomSDKExamples.debug.xcconfig */;
			buildSettings = {
				ASSETCATALOG_COMPILER_APPICON_NAME = AppIcon;
				ASSETCATALOG_COMPILER_GLOBAL_ACCENT_COLOR_NAME = AccentColor;
				CODE_SIGN_STYLE = Manual;
				CURRENT_PROJECT_VERSION = 1;
				DEVELOPMENT_ASSET_PATHS = "\"TomTomSDKExamples/Preview Content\"";
				DEVELOPMENT_TEAM = "";
				ENABLE_PREVIEWS = YES;
				GENERATE_INFOPLIST_FILE = YES;
				INFOPLIST_FILE = TomTomSDKExamplesInfo.plist;
				INFOPLIST_KEY_NSLocationAlwaysAndWhenInUseUsageDescription = "Application requires GPS to display your position on map";
				INFOPLIST_KEY_NSLocationAlwaysUsageDescription = "Application requires GPS to display your position on map";
				INFOPLIST_KEY_NSLocationWhenInUseUsageDescription = "Application requires GPS to display your position on map";
				INFOPLIST_KEY_UIApplicationSupportsIndirectInputEvents = YES;
				INFOPLIST_KEY_UILaunchScreen_Generation = YES;
				INFOPLIST_KEY_UISupportedInterfaceOrientations_iPad = "UIInterfaceOrientationPortrait UIInterfaceOrientationPortraitUpsideDown UIInterfaceOrientationLandscapeLeft UIInterfaceOrientationLandscapeRight";
				INFOPLIST_KEY_UISupportedInterfaceOrientations_iPhone = "UIInterfaceOrientationPortrait UIInterfaceOrientationLandscapeLeft UIInterfaceOrientationLandscapeRight";
				IPHONEOS_DEPLOYMENT_TARGET = 14.0;
				LD_RUNPATH_SEARCH_PATHS = (
					"$(inherited)",
					"@executable_path/Frameworks",
				);
				MARKETING_VERSION = 1.0;
				PRODUCT_BUNDLE_IDENTIFIER = "com.tomtom.TomTom-SDK-Examples";
				PRODUCT_NAME = "$(TARGET_NAME)";
				PROVISIONING_PROFILE_SPECIFIER = "";
				SWIFT_EMIT_LOC_STRINGS = YES;
				SWIFT_VERSION = 5.0;
				TARGETED_DEVICE_FAMILY = "1,2";
			};
			name = Debug;
		};
		9D2F395929A379FE0093F702 /* Release */ = {
			isa = XCBuildConfiguration;
			baseConfigurationReference = 530B2700A4400EB33E5DE5BB /* Pods-TomTomSDKExamples.release.xcconfig */;
			buildSettings = {
				ASSETCATALOG_COMPILER_APPICON_NAME = AppIcon;
				ASSETCATALOG_COMPILER_GLOBAL_ACCENT_COLOR_NAME = AccentColor;
				CODE_SIGN_STYLE = Manual;
				CURRENT_PROJECT_VERSION = 1;
				DEVELOPMENT_ASSET_PATHS = "\"TomTomSDKExamples/Preview Content\"";
				DEVELOPMENT_TEAM = "";
				ENABLE_PREVIEWS = YES;
				GENERATE_INFOPLIST_FILE = YES;
				INFOPLIST_FILE = TomTomSDKExamplesInfo.plist;
				INFOPLIST_KEY_NSLocationAlwaysAndWhenInUseUsageDescription = "Application requires GPS to display your position on map";
				INFOPLIST_KEY_NSLocationAlwaysUsageDescription = "Application requires GPS to display your position on map";
				INFOPLIST_KEY_NSLocationWhenInUseUsageDescription = "Application requires GPS to display your position on map";
				INFOPLIST_KEY_UIApplicationSupportsIndirectInputEvents = YES;
				INFOPLIST_KEY_UILaunchScreen_Generation = YES;
				INFOPLIST_KEY_UISupportedInterfaceOrientations_iPad = "UIInterfaceOrientationPortrait UIInterfaceOrientationPortraitUpsideDown UIInterfaceOrientationLandscapeLeft UIInterfaceOrientationLandscapeRight";
				INFOPLIST_KEY_UISupportedInterfaceOrientations_iPhone = "UIInterfaceOrientationPortrait UIInterfaceOrientationLandscapeLeft UIInterfaceOrientationLandscapeRight";
				IPHONEOS_DEPLOYMENT_TARGET = 14.0;
				LD_RUNPATH_SEARCH_PATHS = (
					"$(inherited)",
					"@executable_path/Frameworks",
				);
				MARKETING_VERSION = 1.0;
				PRODUCT_BUNDLE_IDENTIFIER = "com.tomtom.TomTom-SDK-Examples";
				PRODUCT_NAME = "$(TARGET_NAME)";
				PROVISIONING_PROFILE_SPECIFIER = "";
				SWIFT_EMIT_LOC_STRINGS = YES;
				SWIFT_VERSION = 5.0;
				TARGETED_DEVICE_FAMILY = "1,2";
			};
			name = Release;
		};
/* End XCBuildConfiguration section */

/* Begin XCConfigurationList section */
		9D2F394429A379FC0093F702 /* Build configuration list for PBXProject "TomTomSDKExamples" */ = {
			isa = XCConfigurationList;
			buildConfigurations = (
				9D2F395529A379FE0093F702 /* Debug */,
				9D2F395629A379FE0093F702 /* Release */,
			);
			defaultConfigurationIsVisible = 0;
			defaultConfigurationName = Release;
		};
		9D2F395729A379FE0093F702 /* Build configuration list for PBXNativeTarget "TomTomSDKExamples" */ = {
			isa = XCConfigurationList;
			buildConfigurations = (
				9D2F395829A379FE0093F702 /* Debug */,
				9D2F395929A379FE0093F702 /* Release */,
			);
			defaultConfigurationIsVisible = 0;
			defaultConfigurationName = Release;
		};
/* End XCConfigurationList section */
	};
	rootObject = 9D2F394129A379FC0093F702 /* Project object */;
}
