PODS:
  - TomTomSDKBindingFrameworkHTTPInternal (0.44.1)
  - TomTomSDKBindingFrameworkLoggingInternal (0.44.1)
  - TomTomSDKBindingFrameworkSecurityInternal (0.44.1)
  - TomTomSDKBindingMapDisplayEngineInternal (0.44.1)
  - TomTomSDKBindingMapMatchingInternal (0.44.1)
  - TomTomSDKBindingNavigationTextGenerationInternal (0.44.1)
  - TomTomSDKBindingNavigationTileStoreAccessInternal (0.44.1)
  - TomTomSDKBindingNavigationTilingInternal (0.44.1)
  - TomTomSDKBindingNDSLiveTileStoreAccessInternal (0.44.1):
    - TomTomSDKCommon (= 0.44.1)
  - TomTomSDKBindingOpenLRInternal (0.44.1)
  - TomTomSDKBindingRouteProjectionInternal (0.44.1)
  - TomTomSDKBindingUnifiedOpenLRInternal (0.44.1):
    - TomTomSDKCommon (= 0.44.1)
  - TomTomSDKBindingVehicleHorizonInternal (0.44.1):
    - TomTomSDKCommon (= 0.44.1)
  - TomTomSDKBindingVehicleHorizonTileStoreMapInternal (0.44.1)
  - TomTomSDKBindingVehicleHorizonUnifiedMapInternal (0.44.1)
  - TomTomSDKCommon (0.44.1):
    - TomTomSDKBindingFrameworkLoggingInternal (= 0.44.1)
  - TomTomSDKCommonUI (0.44.1):
    - TomTomSDKCommon (= 0.44.1)
  - TomTomSDKDataManagement (0.44.1):
    - TomTomSDKCommon (= 0.44.1)
  - TomTomSDKDataStoreMaintenanceEngine (0.44.1):
    - TomTomSDKDataManagement (= 0.44.1)
    - TomTomSDKNavigation (= 0.44.1)
    - TomTomSDKNavigationEngines (= 0.44.1)
  - TomTomSDKDefaultTextToSpeech (0.44.1):
    - TomTomSDKFeatureToggle (= 0.44.1)
    - TomTomSDKTextToSpeechEngine (= 0.44.1)
  - TomTomSDKFeatureToggle (0.44.1):
    - TomTomSDKCommon (= 0.44.1)
  - TomTomSDKHazards (0.44.1):
    - TomTomSDKCommon (= 0.44.1)
    - TomTomSDKMQTT (= 0.44.1)
  - TomTomSDKHazardsDataAdapterOnline (0.44.1):
    - TomTomSDKCommon (= 0.44.1)
    - TomTomSDKDataManagement (= 0.44.1)
    - TomTomSDKHazards (= 0.44.1)
    - TomTomSDKNavigationHorizonDataAdapter (= 0.44.1)
  - TomTomSDKHorizonEngineCommon (0.44.1):
    - TomTomSDKBindingVehicleHorizonInternal (= 0.44.1)
    - TomTomSDKCommon (= 0.44.1)
    - TomTomSDKDataManagement (= 0.44.1)
    - TomTomSDKLocationProvider (= 0.44.1)
    - TomTomSDKNavigationEngines (= 0.44.1)
    - TomTomSDKNavigationHorizonDataAdapter (= 0.44.1)
    - TomTomSDKRoute (= 0.44.1)
  - TomTomSDKHorizonEngineTileStore (0.44.1):
    - TomTomSDKBindingNavigationTileStoreAccessInternal (= 0.44.1)
    - TomTomSDKBindingUnifiedOpenLRInternal (= 0.44.1)
    - TomTomSDKBindingVehicleHorizonTileStoreMapInternal (= 0.44.1)
    - TomTomSDKCommon (= 0.44.1)
    - TomTomSDKDataManagement (= 0.44.1)
    - TomTomSDKHazards (= 0.44.1)
    - TomTomSDKHazardsDataAdapterOnline (= 0.44.1)
    - TomTomSDKHorizonEngineCommon (= 0.44.1)
    - TomTomSDKNavigationEngines (= 0.44.1)
    - TomTomSDKNavigationHorizonDataAdapter (= 0.44.1)
    - TomTomSDKNavigationTileStore (= 0.44.1)
    - TomTomSDKSafetyCameras (= 0.44.1)
    - TomTomSDKSafetyLocationsDataAdapterOnline (= 0.44.1)
    - TomTomSDKUnifiedLocationDecoder (= 0.44.1)
  - TomTomSDKHorizonEngineUnified (0.44.1):
    - TomTomSDKBindingUnifiedOpenLRInternal (= 0.44.1)
    - TomTomSDKBindingVehicleHorizonUnifiedMapInternal (= 0.44.1)
    - TomTomSDKDataManagement (= 0.44.1)
    - TomTomSDKHazards (= 0.44.1)
    - TomTomSDKHazardsDataAdapterOnline (= 0.44.1)
    - TomTomSDKHorizonEngineCommon (= 0.44.1)
    - TomTomSDKNavigationEngines (= 0.44.1)
    - TomTomSDKNavigationHorizonDataAdapter (= 0.44.1)
    - TomTomSDKSafetyCameras (= 0.44.1)
    - TomTomSDKSafetyLocationsDataAdapterOnline (= 0.44.1)
    - TomTomSDKUnifiedLocationDecoder (= 0.44.1)
  - TomTomSDKLocationProvider (0.44.1):
    - TomTomSDKCommon (= 0.44.1)
  - TomTomSDKMapDisplay (0.44.1):
    - TomTomSDKBindingMapDisplayEngineInternal (= 0.44.1)
    - TomTomSDKCommon (= 0.44.1)
    - TomTomSDKFeatureToggle (= 0.44.1)
    - TomTomSDKLocationProvider (= 0.44.1)
  - TomTomSDKMapMatchingEngineCommon (0.44.1):
    - TomTomSDKBindingMapMatchingInternal (= 0.44.1)
    - TomTomSDKCommon (= 0.44.1)
    - TomTomSDKLocationProvider (= 0.44.1)
    - TomTomSDKNavigationEngines (= 0.44.1)
    - TomTomSDKRoute (= 0.44.1)
  - TomTomSDKMapMatchingEngineTileStore (0.44.1):
    - TomTomSDKBindingMapMatchingInternal (= 0.44.1)
    - TomTomSDKBindingNavigationTileStoreAccessInternal (= 0.44.1)
    - TomTomSDKCommon (= 0.44.1)
    - TomTomSDKDataManagement (= 0.44.1)
    - TomTomSDKFeatureToggle (= 0.44.1)
    - TomTomSDKLocationProvider (= 0.44.1)
    - TomTomSDKMapMatchingEngineCommon (= 0.44.1)
    - TomTomSDKNavigationEngines (= 0.44.1)
    - TomTomSDKNavigationTileStore (= 0.44.1)
    - TomTomSDKRoute (= 0.44.1)
  - TomTomSDKMapMatchingEngineUnified (0.44.1):
    - TomTomSDKBindingMapMatchingInternal (= 0.44.1)
    - TomTomSDKCommon (= 0.44.1)
    - TomTomSDKDataManagement (= 0.44.1)
    - TomTomSDKFeatureToggle (= 0.44.1)
    - TomTomSDKLocationProvider (= 0.44.1)
    - TomTomSDKMapMatchingEngineCommon (= 0.44.1)
    - TomTomSDKNavigationEngines (= 0.44.1)
    - TomTomSDKRoute (= 0.44.1)
  - TomTomSDKMQTT (0.44.1):
    - TomTomSDKCommon (= 0.44.1)
  - TomTomSDKNavigation (0.44.1):
    - TomTomSDKBindingNavigationTextGenerationInternal (= 0.44.1)
    - TomTomSDKCommon (= 0.44.1)
    - TomTomSDKLocationProvider (= 0.44.1)
    - TomTomSDKMapMatchingEngineCommon (= 0.44.1)
    - TomTomSDKNavigationEngines (= 0.44.1)
    - TomTomSDKRoute (= 0.44.1)
    - TomTomSDKRoutePlanner (= 0.44.1)
    - TomTomSDKRouteReplanner (= 0.44.1)
    - TomTomSDKRouteReplannerInternal (= 0.44.1)
    - TomTomSDKRoutingCommon (= 0.44.1)
    - TomTomSDKTelemetry (= 0.44.1)
    - TomTomSDKVehicle (= 0.44.1)
  - TomTomSDKNavigationEngines (0.44.1):
    - TomTomSDKCommon (= 0.44.1)
    - TomTomSDKLocationProvider (= 0.44.1)
    - TomTomSDKRoute (= 0.44.1)
    - TomTomSDKRoutePlanner (= 0.44.1)
    - TomTomSDKRouteReplanner (= 0.44.1)
  - TomTomSDKNavigationHorizonDataAdapter (0.44.1):
    - TomTomSDKCommon (= 0.44.1)
    - TomTomSDKDataManagement (= 0.44.1)
    - TomTomSDKNavigationEngines (= 0.44.1)
  - TomTomSDKNavigationOnline (0.44.1):
    - TomTomSDKDataStoreMaintenanceEngine (= 0.44.1)
    - TomTomSDKFeatureToggle (= 0.44.1)
    - TomTomSDKHazards (= 0.44.1)
    - TomTomSDKHorizonEngineTileStore (= 0.44.1)
    - TomTomSDKHorizonEngineUnified (= 0.44.1)
    - TomTomSDKLocationProvider (= 0.44.1)
    - TomTomSDKMapMatchingEngineTileStore (= 0.44.1)
    - TomTomSDKMapMatchingEngineUnified (= 0.44.1)
    - TomTomSDKNavigation (= 0.44.1)
    - TomTomSDKNavigationEngines (= 0.44.1)
    - TomTomSDKNavigationTileStore (= 0.44.1)
    - TomTomSDKRouteProjectionEngineTileStore (= 0.44.1)
    - TomTomSDKRouteProjectionEngineUnified (= 0.44.1)
    - TomTomSDKRouteReplanner (= 0.44.1)
    - TomTomSDKSafetyCameras (= 0.44.1)
    - TomTomSDKVehicle (= 0.44.1)
  - TomTomSDKNavigationTileStore (0.44.1):
    - TomTomSDKBindingFrameworkSecurityInternal (= 0.44.1)
    - TomTomSDKBindingNavigationTileStoreAccessInternal (= 0.44.1)
    - TomTomSDKBindingNavigationTilingInternal (= 0.44.1)
    - TomTomSDKBindingNDSLiveTileStoreAccessInternal (= 0.44.1)
    - TomTomSDKCommon (= 0.44.1)
    - TomTomSDKDataManagement (= 0.44.1)
    - TomTomSDKFeatureToggle (= 0.44.1)
    - TomTomSDKNetworking (= 0.44.1)
  - TomTomSDKNavigationUI (0.44.1):
    - TomTomSDKCommon (= 0.44.1)
    - TomTomSDKCommonUI (= 0.44.1)
    - TomTomSDKDefaultTextToSpeech (= 0.44.1)
    - TomTomSDKLocationProvider (= 0.44.1)
    - TomTomSDKNavigation (= 0.44.1)
    - TomTomSDKNavigationEngines (= 0.44.1)
    - TomTomSDKRoute (= 0.44.1)
    - TomTomSDKRoutePlanner (= 0.44.1)
    - TomTomSDKTextToSpeech (= 0.44.1)
    - TomTomSDKTextToSpeechEngine (= 0.44.1)
    - TomTomSDKVehicle (= 0.44.1)
  - TomTomSDKNetworking (0.44.1):
    - TomTomSDKBindingFrameworkHTTPInternal (= 0.44.1)
    - TomTomSDKCommon (= 0.44.1)
  - TomTomSDKRangeCalculator (0.44.1):
    - TomTomSDKCommon (= 0.44.1)
    - TomTomSDKRoute (= 0.44.1)
    - TomTomSDKRoutingCommon (= 0.44.1)
  - TomTomSDKRoute (0.44.1):
    - TomTomSDKCommon (= 0.44.1)
  - TomTomSDKRoutePlanner (0.44.1):
    - TomTomSDKCommon (= 0.44.1)
    - TomTomSDKFeatureToggle (= 0.44.1)
    - TomTomSDKRoute (= 0.44.1)
    - TomTomSDKRoutingCommon (= 0.44.1)
  - TomTomSDKRoutePlannerOnline (0.44.1):
    - TomTomSDKCommon (= 0.44.1)
    - TomTomSDKFeatureToggle (= 0.44.1)
    - TomTomSDKLocationProvider (= 0.44.1)
    - TomTomSDKRangeCalculator (= 0.44.1)
    - TomTomSDKRoute (= 0.44.1)
    - TomTomSDKRoutePlanner (= 0.44.1)
    - TomTomSDKRoutingCommon (= 0.44.1)
  - TomTomSDKRouteProjectionEngineCommon (0.44.1):
    - TomTomSDKBindingRouteProjectionInternal (= 0.44.1)
    - TomTomSDKCommon (= 0.44.1)
    - TomTomSDKNavigationEngines (= 0.44.1)
    - TomTomSDKRoute (= 0.44.1)
  - TomTomSDKRouteProjectionEngineTileStore (0.44.1):
    - TomTomSDKBindingNavigationTileStoreAccessInternal (= 0.44.1)
    - TomTomSDKBindingRouteProjectionInternal (= 0.44.1)
    - TomTomSDKCommon (= 0.44.1)
    - TomTomSDKNavigationEngines (= 0.44.1)
    - TomTomSDKNavigationTileStore (= 0.44.1)
    - TomTomSDKRoute (= 0.44.1)
    - TomTomSDKRouteProjectionEngineCommon (= 0.44.1)
  - TomTomSDKRouteProjectionEngineUnified (0.44.1):
    - TomTomSDKBindingRouteProjectionInternal (= 0.44.1)
    - TomTomSDKDataManagement (= 0.44.1)
    - TomTomSDKNavigationEngines (= 0.44.1)
    - TomTomSDKRoute (= 0.44.1)
    - TomTomSDKRouteProjectionEngineCommon (= 0.44.1)
  - TomTomSDKRouteReplanner (0.44.1):
    - TomTomSDKCommon (= 0.44.1)
    - TomTomSDKLocationProvider (= 0.44.1)
    - TomTomSDKRoute (= 0.44.1)
    - TomTomSDKRoutePlanner (= 0.44.1)
  - TomTomSDKRouteReplannerDefault (0.44.1):
    - TomTomSDKCommon (= 0.44.1)
    - TomTomSDKRoute (= 0.44.1)
    - TomTomSDKRoutePlanner (= 0.44.1)
    - TomTomSDKRouteReplanner (= 0.44.1)
    - TomTomSDKRouteReplannerInternal (= 0.44.1)
  - TomTomSDKRouteReplannerInternal (0.44.1):
    - TomTomSDKCommon (= 0.44.1)
    - TomTomSDKRoute (= 0.44.1)
    - TomTomSDKRoutePlanner (= 0.44.1)
    - TomTomSDKRouteReplanner (= 0.44.1)
    - TomTomSDKRoutingCommon (= 0.44.1)
  - TomTomSDKRoutingCommon (0.44.1):
    - TomTomSDKCommon (= 0.44.1)
  - TomTomSDKSafetyCameras (0.44.1):
    - TomTomSDKBindingOpenLRInternal (= 0.44.1)
    - TomTomSDKCommon (= 0.44.1)
    - TomTomSDKMQTT (= 0.44.1)
  - TomTomSDKSafetyLocationsDataAdapterOnline (0.44.1):
    - TomTomSDKCommon (= 0.44.1)
    - TomTomSDKDataManagement (= 0.44.1)
    - TomTomSDKNavigationHorizonDataAdapter (= 0.44.1)
    - TomTomSDKSafetyCameras (= 0.44.1)
  - TomTomSDKTelemetry (0.44.1):
    - TomTomSDKCommon (= 0.44.1)
    - TomTomSDKLocationProvider (= 0.44.1)
  - TomTomSDKTextToSpeech (0.44.1):
    - TomTomSDKTextToSpeechEngine (= 0.44.1)
  - TomTomSDKTextToSpeechEngine (0.44.1)
  - TomTomSDKUnifiedLocationDecoder (0.44.1):
    - TomTomSDKBindingUnifiedOpenLRInternal (= 0.44.1)
    - TomTomSDKCommon (= 0.44.1)
    - TomTomSDKDataManagement (= 0.44.1)
  - TomTomSDKVehicle (0.44.1):
    - TomTomSDKCommon (= 0.44.1)

DEPENDENCIES:
  - TomTomSDKDefaultTextToSpeech (= 0.44.1)
  - TomTomSDKLocationProvider (= 0.44.1)
  - TomTomSDKMapDisplay (= 0.44.1)
  - TomTomSDKNavigation (= 0.44.1)
  - TomTomSDKNavigationEngines (= 0.44.1)
  - TomTomSDKNavigationOnline (= 0.44.1)
  - TomTomSDKNavigationUI (= 0.44.1)
  - TomTomSDKRoute (= 0.44.1)
  - TomTomSDKRoutePlanner (= 0.44.1)
  - TomTomSDKRoutePlannerOnline (= 0.44.1)
  - TomTomSDKRouteReplannerDefault (= 0.44.1)

SPEC REPOS:
  https://repositories.tomtom.com/artifactory/api/pods/cocoapods:
    - TomTomSDKBindingFrameworkHTTPInternal
    - TomTomSDKBindingFrameworkLoggingInternal
    - TomTomSDKBindingFrameworkSecurityInternal
    - TomTomSDKBindingMapDisplayEngineInternal
    - TomTomSDKBindingMapMatchingInternal
    - TomTomSDKBindingNavigationTextGenerationInternal
    - TomTomSDKBindingNavigationTileStoreAccessInternal
    - TomTomSDKBindingNavigationTilingInternal
    - TomTomSDKBindingNDSLiveTileStoreAccessInternal
    - TomTomSDKBindingOpenLRInternal
    - TomTomSDKBindingRouteProjectionInternal
    - TomTomSDKBindingUnifiedOpenLRInternal
    - TomTomSDKBindingVehicleHorizonInternal
    - TomTomSDKBindingVehicleHorizonTileStoreMapInternal
    - TomTomSDKBindingVehicleHorizonUnifiedMapInternal
    - TomTomSDKCommon
    - TomTomSDKCommonUI
    - TomTomSDKDataManagement
    - TomTomSDKDataStoreMaintenanceEngine
    - TomTomSDKDefaultTextToSpeech
    - TomTomSDKFeatureToggle
    - TomTomSDKHazards
    - TomTomSDKHazardsDataAdapterOnline
    - TomTomSDKHorizonEngineCommon
    - TomTomSDKHorizonEngineTileStore
    - TomTomSDKHorizonEngineUnified
    - TomTomSDKLocationProvider
    - TomTomSDKMapDisplay
    - TomTomSDKMapMatchingEngineCommon
    - TomTomSDKMapMatchingEngineTileStore
    - TomTomSDKMapMatchingEngineUnified
    - TomTomSDKMQTT
    - TomTomSDKNavigation
    - TomTomSDKNavigationEngines
    - TomTomSDKNavigationHorizonDataAdapter
    - TomTomSDKNavigationOnline
    - TomTomSDKNavigationTileStore
    - TomTomSDKNavigationUI
    - TomTomSDKNetworking
    - TomTomSDKRangeCalculator
    - TomTomSDKRoute
    - TomTomSDKRoutePlanner
    - TomTomSDKRoutePlannerOnline
    - TomTomSDKRouteProjectionEngineCommon
    - TomTomSDKRouteProjectionEngineTileStore
    - TomTomSDKRouteProjectionEngineUnified
    - TomTomSDKRouteReplanner
    - TomTomSDKRouteReplannerDefault
    - TomTomSDKRouteReplannerInternal
    - TomTomSDKRoutingCommon
    - TomTomSDKSafetyCameras
    - TomTomSDKSafetyLocationsDataAdapterOnline
    - TomTomSDKTelemetry
    - TomTomSDKTextToSpeech
    - TomTomSDKTextToSpeechEngine
    - TomTomSDKUnifiedLocationDecoder
    - TomTomSDKVehicle

SPEC CHECKSUMS:
  TomTomSDKBindingFrameworkHTTPInternal: beea93e9449fbf75c72c1c1dac3ae03a6c78c387
  TomTomSDKBindingFrameworkLoggingInternal: 50a98bd7eb58a6e99fd6fe5bd85df47ccc7798b3
  TomTomSDKBindingFrameworkSecurityInternal: b0c00d162ef75ce18f453ea2ce3ab4f7a1d627a9
  TomTomSDKBindingMapDisplayEngineInternal: 0e8b44364471217ddbf6968291819595485fdb65
  TomTomSDKBindingMapMatchingInternal: f8038b410faa69583b4df22a2776d7ab84468e11
  TomTomSDKBindingNavigationTextGenerationInternal: 800c46299ca91cb2b62340020a867ff1df03370e
  TomTomSDKBindingNavigationTileStoreAccessInternal: f4bcbb8b3dad1fa8171c10fe0c19d1fcf3d1582d
  TomTomSDKBindingNavigationTilingInternal: 7ffa2fbad4d57b05f4e4a55741e3dc7c5b64141a
  TomTomSDKBindingNDSLiveTileStoreAccessInternal: 6cd536a9bd7e7cf652a2ece310ebe71927d15b6f
  TomTomSDKBindingOpenLRInternal: 75d53a7fb24cb7d4860bd0a334487c7f00ebf1ae
  TomTomSDKBindingRouteProjectionInternal: 2e8e0963f7d6c1fac76b90a62defd849d43286ea
  TomTomSDKBindingUnifiedOpenLRInternal: d7fef66c89ba6701e81989b4824006617f062fef
  TomTomSDKBindingVehicleHorizonInternal: 8229449b98ae6e3b080033d7438a51d4c64f7f64
  TomTomSDKBindingVehicleHorizonTileStoreMapInternal: d9a71621e7f4216cba483d642f183528b8c261c3
  TomTomSDKBindingVehicleHorizonUnifiedMapInternal: 6bfd73aa2b3a25050988f30a746624e6bc2af8bb
  TomTomSDKCommon: 0d68dc54137a7e2176c0414f08c3b26b014cfad5
  TomTomSDKCommonUI: 1a333bc0db9f1929fed0af52819a9d209faae162
  TomTomSDKDataManagement: cb599ddc9b9671874ad50805fa804592966610c2
  TomTomSDKDataStoreMaintenanceEngine: 658a62c2b9c637c4b5b0398639d511ce1ecadfac
  TomTomSDKDefaultTextToSpeech: 7ae77eb8ae198c45bc403e6fff8f1e39b4cedf11
  TomTomSDKFeatureToggle: bc4299975161b133783974d9534db9ab2d8cb11c
  TomTomSDKHazards: ec4e30b4005fda9a4be282f3a8070791d85c15d2
  TomTomSDKHazardsDataAdapterOnline: 17879b006c5e5ecacf2bb02931559d7875c7d43f
  TomTomSDKHorizonEngineCommon: 09838f54ff6acce1aa4b79cbacb6cef71130628d
  TomTomSDKHorizonEngineTileStore: b9f22f049d46c9c9e5bec4b7a13c7c3d266f37b1
  TomTomSDKHorizonEngineUnified: 330da786a6fe196f645dd15fd733bc111b0b496b
  TomTomSDKLocationProvider: 7036c112ffec3617769b1dd9093584156eb326f7
  TomTomSDKMapDisplay: 8a511bf8f82b8787c43006cf7ea92010a70ad10a
  TomTomSDKMapMatchingEngineCommon: 1ebe02ed56a634cadaba1bc412b70827b618ca06
  TomTomSDKMapMatchingEngineTileStore: 878dea4cf19c10aee11c7439d56aae575d0229fe
  TomTomSDKMapMatchingEngineUnified: ddd9011cf75b4bdc3f005c1ddf8fcc66f106664b
  TomTomSDKMQTT: a86703c51d481deced302817068c158255bfc877
  TomTomSDKNavigation: 85a4239a46c40a390be7ed0ba26951f4a1964d57
  TomTomSDKNavigationEngines: afcf8a3bc7eecbdfa877ccd51ca2a5163e338b57
  TomTomSDKNavigationHorizonDataAdapter: 79d6b9194f1fb270b6b5cb08fb1d011882eccd79
  TomTomSDKNavigationOnline: b8391eb98c7d1f19bfc67727914739df3b749e76
  TomTomSDKNavigationTileStore: 8841b0deaef1825c2d67c5e36d4339ce6e435f72
  TomTomSDKNavigationUI: c718ae4789ecf0a1ff7fa5a4ad9e0156381a2c8a
  TomTomSDKNetworking: de76cdd90df0f510096da04160c4e8fde3bfbf53
  TomTomSDKRangeCalculator: 41cad9890b311d4db8f61ffc72e406bd4ab4c030
  TomTomSDKRoute: 60216344e3c3e78c5f30e6d32ea5f179afecf91d
  TomTomSDKRoutePlanner: e7716d1694a9572dc93105c5cfacb05c05af4997
  TomTomSDKRoutePlannerOnline: ad8d1cb93ed306a618ab0f0f49567fa6b4ef1197
  TomTomSDKRouteProjectionEngineCommon: 64cdda23c009a777095b33f5657da39254ca886b
  TomTomSDKRouteProjectionEngineTileStore: 0f5c2ca1ac60b45357f64520668c0c44b0fa201e
  TomTomSDKRouteProjectionEngineUnified: 27da0f5d69fc5feca820433f0c8e9b115429e879
  TomTomSDKRouteReplanner: 700efd8ae45808d658a8a57a65cc60a67a18d76b
  TomTomSDKRouteReplannerDefault: 4e0be6e0ac5091cfbc5e32dffbfa48dd760bd069
  TomTomSDKRouteReplannerInternal: 34e7d88bcfd86347ad1a14825edf8d2c47645da6
  TomTomSDKRoutingCommon: 4e8c6cebe950dddb28950018054dc1e8d91763ff
  TomTomSDKSafetyCameras: 3f9ae351f7cbe514e7b1ac993d7584e01e1278d0
  TomTomSDKSafetyLocationsDataAdapterOnline: cc440eb5f3c28781202998675d58215e1e3d6e7d
  TomTomSDKTelemetry: 2d855b7eb1ad9b5c3c9049bbd55eb5822447c897
  TomTomSDKTextToSpeech: 0202cddde52088e82f87444055177d6b14c0cf4e
  TomTomSDKTextToSpeechEngine: 86f1accf00f79933d98ab515bf8234c1709becc7
  TomTomSDKUnifiedLocationDecoder: c581d09c72c7b5558dabb990dc677fe0ba2eda23
  TomTomSDKVehicle: 5c05f143b7d4a24504c322128ad56c5767bec592

PODFILE CHECKSUM: 59bf7fbe7d4e4967ce7b1b818481a4769ef2a1c2

COCOAPODS: 1.14.2
