PODS:
  - TomTomSDKBindingFrameworkHTTPInternal (0.41.0)
  - TomTomSDKBindingFrameworkLoggingInternal (0.41.0)
  - TomTomSDKBindingFrameworkSecurityInternal (0.41.0)
  - TomTomSDKBindingMapDisplayEngineInternal (0.41.0)
  - TomTomSDKBindingMapMatchingInternal (0.41.0)
  - TomTomSDKBindingNavigationTextGenerationInternal (0.41.0)
  - TomTomSDKBindingNavigationTileStoreAccessInternal (0.41.0)
  - TomTomSDKBindingNavigationTilingInternal (0.41.0)
  - TomTomSDKBindingNDSLiveTileStoreAccessInternal (0.41.0)
  - TomTomSDKBindingOpenLRInternal (0.41.0)
  - TomTomSDKBindingRouteProjectionInternal (0.41.0)
  - TomTomSDKBindingUnifiedOpenLRInternal (0.41.0):
    - TomTomSDKCommon (= 0.41.0)
  - TomTomSDKBindingVehicleHorizonInternal (0.41.0):
    - TomTomSDKCommon (= 0.41.0)
  - TomTomSDKBindingVehicleHorizonTileStoreMapInternal (0.41.0)
  - TomTomSDKCommon (0.41.0):
    - TomTomSDKBindingFrameworkLoggingInternal (= 0.41.0)
  - TomTomSDKCommonUI (0.41.0):
    - TomTomSDKCommon (= 0.41.0)
  - TomTomSDKDataManagement (0.41.0):
    - TomTomSDKCommon (= 0.41.0)
  - TomTomSDKDataStoreMaintenanceEngine (0.41.0):
    - TomTomSDKDataManagement (= 0.41.0)
    - TomTomSDKNavigation (= 0.41.0)
    - TomTomSDKNavigationEngines (= 0.41.0)
  - TomTomSDKDefaultTextToSpeech (0.41.0):
    - TomTomSDKFeatureToggle (= 0.41.0)
    - TomTomSDKTextToSpeechEngine (= 0.41.0)
  - TomTomSDKFeatureToggle (0.41.0):
    - TomTomSDKCommon (= 0.41.0)
  - TomTomSDKHazards (0.41.0):
    - TomTomSDKCommon (= 0.41.0)
    - TomTomSDKMQTT (= 0.41.0)
  - TomTomSDKHazardsDataAdapterOnline (0.41.0):
    - TomTomSDKCommon (= 0.41.0)
    - TomTomSDKDataManagement (= 0.41.0)
    - TomTomSDKHazards (= 0.41.0)
    - TomTomSDKNavigationHorizonDataAdapter (= 0.41.0)
  - TomTomSDKHorizonEngineCommon (0.41.0):
    - TomTomSDKBindingVehicleHorizonInternal (= 0.41.0)
    - TomTomSDKCommon (= 0.41.0)
    - TomTomSDKDataManagement (= 0.41.0)
    - TomTomSDKLocationProvider (= 0.41.0)
    - TomTomSDKNavigationEngines (= 0.41.0)
    - TomTomSDKNavigationHorizonDataAdapter (= 0.41.0)
    - TomTomSDKRoute (= 0.41.0)
  - TomTomSDKHorizonEngineTileStore (0.41.0):
    - TomTomSDKBindingNavigationTileStoreAccessInternal (= 0.41.0)
    - TomTomSDKBindingUnifiedOpenLRInternal (= 0.41.0)
    - TomTomSDKBindingVehicleHorizonTileStoreMapInternal (= 0.41.0)
    - TomTomSDKCommon (= 0.41.0)
    - TomTomSDKDataManagement (= 0.41.0)
    - TomTomSDKHazards (= 0.41.0)
    - TomTomSDKHazardsDataAdapterOnline (= 0.41.0)
    - TomTomSDKHorizonEngineCommon (= 0.41.0)
    - TomTomSDKNavigationEngines (= 0.41.0)
    - TomTomSDKNavigationHorizonDataAdapter (= 0.41.0)
    - TomTomSDKNavigationTileStore (= 0.41.0)
    - TomTomSDKSafetyCameras (= 0.41.0)
    - TomTomSDKSafetyLocationsDataAdapterOnline (= 0.41.0)
    - TomTomSDKUnifiedLocationDecoder (= 0.41.0)
  - TomTomSDKLocationProvider (0.41.0):
    - TomTomSDKCommon (= 0.41.0)
  - TomTomSDKMapDisplay (0.41.0):
    - TomTomSDKBindingMapDisplayEngineInternal (= 0.41.0)
    - TomTomSDKCommon (= 0.41.0)
    - TomTomSDKFeatureToggle (= 0.41.0)
    - TomTomSDKLocationProvider (= 0.41.0)
  - TomTomSDKMapMatchingEngineCommon (0.41.0):
    - TomTomSDKBindingMapMatchingInternal (= 0.41.0)
    - TomTomSDKCommon (= 0.41.0)
    - TomTomSDKLocationProvider (= 0.41.0)
    - TomTomSDKNavigationEngines (= 0.41.0)
    - TomTomSDKRoute (= 0.41.0)
  - TomTomSDKMapMatchingEngineTileStore (0.41.0):
    - TomTomSDKBindingMapMatchingInternal (= 0.41.0)
    - TomTomSDKBindingNavigationTileStoreAccessInternal (= 0.41.0)
    - TomTomSDKCommon (= 0.41.0)
    - TomTomSDKDataManagement (= 0.41.0)
    - TomTomSDKFeatureToggle (= 0.41.0)
    - TomTomSDKLocationProvider (= 0.41.0)
    - TomTomSDKMapMatchingEngineCommon (= 0.41.0)
    - TomTomSDKNavigationEngines (= 0.41.0)
    - TomTomSDKNavigationTileStore (= 0.41.0)
    - TomTomSDKRoute (= 0.41.0)
  - TomTomSDKMQTT (0.41.0):
    - TomTomSDKCommon (= 0.41.0)
  - TomTomSDKNavigation (0.41.0):
    - TomTomSDKBindingNavigationTextGenerationInternal (= 0.41.0)
    - TomTomSDKCommon (= 0.41.0)
    - TomTomSDKLocationProvider (= 0.41.0)
    - TomTomSDKMapMatchingEngineCommon (= 0.41.0)
    - TomTomSDKNavigationEngines (= 0.41.0)
    - TomTomSDKRoute (= 0.41.0)
    - TomTomSDKRoutePlanner (= 0.41.0)
    - TomTomSDKRouteReplanner (= 0.41.0)
    - TomTomSDKRouteReplannerInternal (= 0.41.0)
    - TomTomSDKRoutingCommon (= 0.41.0)
    - TomTomSDKVehicle (= 0.41.0)
  - TomTomSDKNavigationEngines (0.41.0):
    - TomTomSDKCommon (= 0.41.0)
    - TomTomSDKLocationProvider (= 0.41.0)
    - TomTomSDKRoute (= 0.41.0)
    - TomTomSDKRoutePlanner (= 0.41.0)
    - TomTomSDKRouteReplanner (= 0.41.0)
  - TomTomSDKNavigationHorizonDataAdapter (0.41.0):
    - TomTomSDKCommon (= 0.41.0)
    - TomTomSDKDataManagement (= 0.41.0)
    - TomTomSDKNavigationEngines (= 0.41.0)
  - TomTomSDKNavigationOnline (0.41.0):
    - TomTomSDKDataStoreMaintenanceEngine (= 0.41.0)
    - TomTomSDKHazards (= 0.41.0)
    - TomTomSDKHorizonEngineTileStore (= 0.41.0)
    - TomTomSDKLocationProvider (= 0.41.0)
    - TomTomSDKMapMatchingEngineTileStore (= 0.41.0)
    - TomTomSDKNavigation (= 0.41.0)
    - TomTomSDKNavigationEngines (= 0.41.0)
    - TomTomSDKNavigationTileStore (= 0.41.0)
    - TomTomSDKRouteProjectionEngineTileStore (= 0.41.0)
    - TomTomSDKRouteReplanner (= 0.41.0)
    - TomTomSDKSafetyCameras (= 0.41.0)
    - TomTomSDKVehicle (= 0.41.0)
  - TomTomSDKNavigationTileStore (0.41.0):
    - TomTomSDKBindingFrameworkSecurityInternal (= 0.41.0)
    - TomTomSDKBindingNavigationTileStoreAccessInternal (= 0.41.0)
    - TomTomSDKBindingNavigationTilingInternal (= 0.41.0)
    - TomTomSDKBindingNDSLiveTileStoreAccessInternal (= 0.41.0)
    - TomTomSDKCommon (= 0.41.0)
    - TomTomSDKDataManagement (= 0.41.0)
    - TomTomSDKFeatureToggle (= 0.41.0)
    - TomTomSDKNetworking (= 0.41.0)
  - TomTomSDKNavigationUI (0.41.0):
    - TomTomSDKCommon (= 0.41.0)
    - TomTomSDKCommonUI (= 0.41.0)
    - TomTomSDKDefaultTextToSpeech (= 0.41.0)
    - TomTomSDKLocationProvider (= 0.41.0)
    - TomTomSDKNavigation (= 0.41.0)
    - TomTomSDKNavigationEngines (= 0.41.0)
    - TomTomSDKRoute (= 0.41.0)
    - TomTomSDKRoutePlanner (= 0.41.0)
    - TomTomSDKTextToSpeech (= 0.41.0)
    - TomTomSDKTextToSpeechEngine (= 0.41.0)
    - TomTomSDKVehicle (= 0.41.0)
  - TomTomSDKNetworking (0.41.0):
    - TomTomSDKBindingFrameworkHTTPInternal (= 0.41.0)
    - TomTomSDKCommon (= 0.41.0)
  - TomTomSDKRangeCalculator (0.41.0):
    - TomTomSDKCommon (= 0.41.0)
    - TomTomSDKRoute (= 0.41.0)
    - TomTomSDKRoutingCommon (= 0.41.0)
  - TomTomSDKRoute (0.41.0):
    - TomTomSDKCommon (= 0.41.0)
  - TomTomSDKRoutePlanner (0.41.0):
    - TomTomSDKCommon (= 0.41.0)
    - TomTomSDKFeatureToggle (= 0.41.0)
    - TomTomSDKRoute (= 0.41.0)
    - TomTomSDKRoutingCommon (= 0.41.0)
  - TomTomSDKRoutePlannerOnline (0.41.0):
    - TomTomSDKCommon (= 0.41.0)
    - TomTomSDKFeatureToggle (= 0.41.0)
    - TomTomSDKLocationProvider (= 0.41.0)
    - TomTomSDKRangeCalculator (= 0.41.0)
    - TomTomSDKRoute (= 0.41.0)
    - TomTomSDKRoutePlanner (= 0.41.0)
    - TomTomSDKRoutingCommon (= 0.41.0)
  - TomTomSDKRouteProjectionEngineCommon (0.41.0):
    - TomTomSDKBindingRouteProjectionInternal (= 0.41.0)
    - TomTomSDKCommon (= 0.41.0)
    - TomTomSDKNavigationEngines (= 0.41.0)
    - TomTomSDKRoute (= 0.41.0)
  - TomTomSDKRouteProjectionEngineTileStore (0.41.0):
    - TomTomSDKBindingNavigationTileStoreAccessInternal (= 0.41.0)
    - TomTomSDKBindingRouteProjectionInternal (= 0.41.0)
    - TomTomSDKCommon (= 0.41.0)
    - TomTomSDKNavigationEngines (= 0.41.0)
    - TomTomSDKNavigationTileStore (= 0.41.0)
    - TomTomSDKRoute (= 0.41.0)
    - TomTomSDKRouteProjectionEngineCommon (= 0.41.0)
  - TomTomSDKRouteReplanner (0.41.0):
    - TomTomSDKCommon (= 0.41.0)
    - TomTomSDKLocationProvider (= 0.41.0)
    - TomTomSDKRoute (= 0.41.0)
    - TomTomSDKRoutePlanner (= 0.41.0)
  - TomTomSDKRouteReplannerDefault (0.41.0):
    - TomTomSDKCommon (= 0.41.0)
    - TomTomSDKRoute (= 0.41.0)
    - TomTomSDKRoutePlanner (= 0.41.0)
    - TomTomSDKRouteReplanner (= 0.41.0)
    - TomTomSDKRouteReplannerInternal (= 0.41.0)
  - TomTomSDKRouteReplannerInternal (0.41.0):
    - TomTomSDKCommon (= 0.41.0)
    - TomTomSDKRoute (= 0.41.0)
    - TomTomSDKRoutePlanner (= 0.41.0)
    - TomTomSDKRouteReplanner (= 0.41.0)
    - TomTomSDKRoutingCommon (= 0.41.0)
  - TomTomSDKRoutingCommon (0.41.0):
    - TomTomSDKCommon (= 0.41.0)
  - TomTomSDKSafetyCameras (0.41.0):
    - TomTomSDKBindingOpenLRInternal (= 0.41.0)
    - TomTomSDKCommon (= 0.41.0)
    - TomTomSDKMQTT (= 0.41.0)
  - TomTomSDKSafetyLocationsDataAdapterOnline (0.41.0):
    - TomTomSDKCommon (= 0.41.0)
    - TomTomSDKDataManagement (= 0.41.0)
    - TomTomSDKNavigationHorizonDataAdapter (= 0.41.0)
    - TomTomSDKSafetyCameras (= 0.41.0)
  - TomTomSDKTextToSpeech (0.41.0):
    - TomTomSDKTextToSpeechEngine (= 0.41.0)
  - TomTomSDKTextToSpeechEngine (0.41.0)
  - TomTomSDKUnifiedLocationDecoder (0.41.0):
    - TomTomSDKBindingUnifiedOpenLRInternal (= 0.41.0)
    - TomTomSDKCommon (= 0.41.0)
    - TomTomSDKDataManagement (= 0.41.0)
  - TomTomSDKVehicle (0.41.0):
    - TomTomSDKCommon (= 0.41.0)

DEPENDENCIES:
  - TomTomSDKDefaultTextToSpeech (= 0.41.0)
  - TomTomSDKLocationProvider (= 0.41.0)
  - TomTomSDKMapDisplay (= 0.41.0)
  - TomTomSDKNavigation (= 0.41.0)
  - TomTomSDKNavigationEngines (= 0.41.0)
  - TomTomSDKNavigationOnline (= 0.41.0)
  - TomTomSDKNavigationUI (= 0.41.0)
  - TomTomSDKRoute (= 0.41.0)
  - TomTomSDKRoutePlanner (= 0.41.0)
  - TomTomSDKRoutePlannerOnline (= 0.41.0)
  - TomTomSDKRouteReplannerDefault (= 0.41.0)

SPEC REPOS:
  https://repositories.tomtom.com/artifactory/api/pods/cocoapods:
    - TomTomSDKBindingFrameworkHTTPInternal
    - TomTomSDKBindingFrameworkLoggingInternal
    - TomTomSDKBindingFrameworkSecurityInternal
    - TomTomSDKBindingMapDisplayEngineInternal
    - TomTomSDKBindingMapMatchingInternal
    - TomTomSDKBindingNavigationTextGenerationInternal
    - TomTomSDKBindingNavigationTileStoreAccessInternal
    - TomTomSDKBindingNavigationTilingInternal
    - TomTomSDKBindingNDSLiveTileStoreAccessInternal
    - TomTomSDKBindingOpenLRInternal
    - TomTomSDKBindingRouteProjectionInternal
    - TomTomSDKBindingUnifiedOpenLRInternal
    - TomTomSDKBindingVehicleHorizonInternal
    - TomTomSDKBindingVehicleHorizonTileStoreMapInternal
    - TomTomSDKCommon
    - TomTomSDKCommonUI
    - TomTomSDKDataManagement
    - TomTomSDKDataStoreMaintenanceEngine
    - TomTomSDKDefaultTextToSpeech
    - TomTomSDKFeatureToggle
    - TomTomSDKHazards
    - TomTomSDKHazardsDataAdapterOnline
    - TomTomSDKHorizonEngineCommon
    - TomTomSDKHorizonEngineTileStore
    - TomTomSDKLocationProvider
    - TomTomSDKMapDisplay
    - TomTomSDKMapMatchingEngineCommon
    - TomTomSDKMapMatchingEngineTileStore
    - TomTomSDKMQTT
    - TomTomSDKNavigation
    - TomTomSDKNavigationEngines
    - TomTomSDKNavigationHorizonDataAdapter
    - TomTomSDKNavigationOnline
    - TomTomSDKNavigationTileStore
    - TomTomSDKNavigationUI
    - TomTomSDKNetworking
    - TomTomSDKRangeCalculator
    - TomTomSDKRoute
    - TomTomSDKRoutePlanner
    - TomTomSDKRoutePlannerOnline
    - TomTomSDKRouteProjectionEngineCommon
    - TomTomSDKRouteProjectionEngineTileStore
    - TomTomSDKRouteReplanner
    - TomTomSDKRouteReplannerDefault
    - TomTomSDKRouteReplannerInternal
    - TomTomSDKRoutingCommon
    - TomTomSDKSafetyCameras
    - TomTomSDKSafetyLocationsDataAdapterOnline
    - TomTomSDKTextToSpeech
    - TomTomSDKTextToSpeechEngine
    - TomTomSDKUnifiedLocationDecoder
    - TomTomSDKVehicle

SPEC CHECKSUMS:
  TomTomSDKBindingFrameworkHTTPInternal: 230f52a8b924a29a7e484a39b8f0fd0996a0ff0c
  TomTomSDKBindingFrameworkLoggingInternal: 68cbb1269214a26978a73b560c25009a87a8d220
  TomTomSDKBindingFrameworkSecurityInternal: 3083a384fc413e9b65adf96a2d0992083df66382
  TomTomSDKBindingMapDisplayEngineInternal: 3bd475ffdf78c859e7fd9b841030667d289bab7e
  TomTomSDKBindingMapMatchingInternal: 008583cb6f6834125d618d07743fa5fff6d72c2f
  TomTomSDKBindingNavigationTextGenerationInternal: bf336ab02a4fa083cfaf9e6de587a61842f115f5
  TomTomSDKBindingNavigationTileStoreAccessInternal: 76b0a14915097fc8c7d8a0f8a5469ddbb9364973
  TomTomSDKBindingNavigationTilingInternal: 55391f3d914b647c79273137a99342604592dc41
  TomTomSDKBindingNDSLiveTileStoreAccessInternal: e10dea62c81560172eaefc5e5a4a3b77af6c48ae
  TomTomSDKBindingOpenLRInternal: 94c22fe51eb43658ba5accb20377535de4fbd11a
  TomTomSDKBindingRouteProjectionInternal: 231c2ce06f2398d88db01197695b3fec957d3457
  TomTomSDKBindingUnifiedOpenLRInternal: e5100222bc1ad57e87a6d6ebf7dca7368b379538
  TomTomSDKBindingVehicleHorizonInternal: 6e518ca8a199bb7754dc0296e49ed84cee0a15af
  TomTomSDKBindingVehicleHorizonTileStoreMapInternal: 37ac0440cb7f3d59e3e7fd9082a7f071b2ab6421
  TomTomSDKCommon: ec35d4efc94b8408984b5a6c35139e5f81c9aaad
  TomTomSDKCommonUI: 3f50fc5d853c8f827141c6a6f47e69fe55b34c0c
  TomTomSDKDataManagement: 593ce2aef97bba7ca10084a83a41f9f1ac6de4de
  TomTomSDKDataStoreMaintenanceEngine: cfdd56a108028c365000d6e2fcc9faeb76888548
  TomTomSDKDefaultTextToSpeech: 3dd9db8fb41c6200dc7ffd5562bf6f10a2df5de9
  TomTomSDKFeatureToggle: aa3da333189e05ba2817cd29c22d15b18aa470d2
  TomTomSDKHazards: 6aab299737a61d7d54bafc29c73507109d6f9255
  TomTomSDKHazardsDataAdapterOnline: ad3406da84d2d331f7ec92d9c1d6d508cab6ee22
  TomTomSDKHorizonEngineCommon: cc5b3352134cb199395883714e3f79bb80c28647
  TomTomSDKHorizonEngineTileStore: 3d5d1b738704f049d234230c795ed8d7b59661dd
  TomTomSDKLocationProvider: 3e817f7727a4ece878885ad28c49a5bd417b41a6
  TomTomSDKMapDisplay: 6b96bb358e4712dc520150b9d1060cb661e54425
  TomTomSDKMapMatchingEngineCommon: a5990b2c20c58d649ccdc1338494a54fe0cea421
  TomTomSDKMapMatchingEngineTileStore: 26c5c0e2c4e935b1f3524317c0169d00cc6ca421
  TomTomSDKMQTT: 055fec212bc2cd8c690c3f856d690b31333617e4
  TomTomSDKNavigation: 0360c54c7c82d93c0f75a2274a59d2e85ed3240e
  TomTomSDKNavigationEngines: 1ab4be6ba7c459dd2f2fe5b4545a871c639b9f32
  TomTomSDKNavigationHorizonDataAdapter: 31e81c6480e14b34fef06158fd31ab5b70512d01
  TomTomSDKNavigationOnline: 9a5eed625922fbaaa3d72854cbcabaa8ec042dc4
  TomTomSDKNavigationTileStore: 8a730bc35057e45e14622958e227d13748f96042
  TomTomSDKNavigationUI: 78887be0a21e16720216d2a68fbf318105ba5b20
  TomTomSDKNetworking: 2532d7e1898888b2bc4aa4713b2d03343cf731de
  TomTomSDKRangeCalculator: 09f8b76b13b0748bf387eb9b797f95dcd0b1f04e
  TomTomSDKRoute: f891f56ac91116301a769b6aeecaaf957493048b
  TomTomSDKRoutePlanner: 1e36d5b0317c11bc2be432a058cc974bd6f4fea1
  TomTomSDKRoutePlannerOnline: 2d558878dcf4b79e561d2d34e3c7a318e2394a03
  TomTomSDKRouteProjectionEngineCommon: f7820249be075e6c6d3541ae13fd8d694efb2e8f
  TomTomSDKRouteProjectionEngineTileStore: 083da0424e4f0e4be77e85145fac35d8665d7d1b
  TomTomSDKRouteReplanner: 845399c8982300b814a2269827d564d5ff5fb3cc
  TomTomSDKRouteReplannerDefault: 4c60501277b8ebdbe2741ee6a98859fd8ca96e63
  TomTomSDKRouteReplannerInternal: c9ceba0766735627cc79f4102c2bb22bfdde5011
  TomTomSDKRoutingCommon: 7d924d3e870291041f0648175f76e87353b30411
  TomTomSDKSafetyCameras: ccc45c0720d4caab543b80965176058ea7b07df8
  TomTomSDKSafetyLocationsDataAdapterOnline: 4742850b28aecae63654d6e18f7d483c44ff4659
  TomTomSDKTextToSpeech: 6f565f576001f6ff12ee6d83f5ce27dd7e32685b
  TomTomSDKTextToSpeechEngine: f8ce98709deba409473463a531c17579938f0269
  TomTomSDKUnifiedLocationDecoder: 6d73acc2aff3bb5f1e6a74f1801cc69286f2e6e1
  TomTomSDKVehicle: 62658865ffb5c8a6748dd55f9962be926ac37b24

PODFILE CHECKSUM: 10cf353d567e87854f1a321c7ac0106776d7f57b

COCOAPODS: 1.14.2
